{
  "version": 4,
  "terraform_version": "1.5.7",
  "serial": 235,
  "lineage": "504c3939-8ab5-4b3f-4934-decd5483af1b",
  "outputs": {
    "configure_kubectl": {
      "value": "aws eks --region us-west-2 update-kubeconfig --name automode-cluster",
      "type": "string"
    }
  },
  "resources": [
    {
      "mode": "data",
      "type": "aws_availability_zones",
      "name": "available",
      "provider": "provider[\"registry.terraform.io/hashicorp/aws\"]",
      "instances": [
        {
          "schema_version": 0,
          "attributes": {
            "all_availability_zones": null,
            "exclude_names": null,
            "exclude_zone_ids": null,
            "filter": [
              {
                "name": "opt-in-status",
                "values": [
                  "opt-in-not-required"
                ]
              }
            ],
            "group_names": [
              "us-west-2-zg-1"
            ],
            "id": "us-west-2",
            "names": [
              "us-west-2a",
              "us-west-2b",
              "us-west-2c",
              "us-west-2d"
            ],
            "state": null,
            "timeouts": null,
            "zone_ids": [
              "usw2-az2",
              "usw2-az1",
              "usw2-az3",
              "usw2-az4"
            ]
          },
          "sensitive_attributes": []
        }
      ]
    },
    {
      "mode": "data",
      "type": "aws_ecrpublic_authorization_token",
      "name": "token",
      "provider": "provider[\"registry.terraform.io/hashicorp/aws\"].ecr",
      "instances": [
        {
          "schema_version": 0,
          "attributes": {
            "authorization_token": "QVdTOmV5SndZWGxzYjJGa0lqb2lSbHBaUW5Kc1lXcHRVRFZRY214cGNTOUVNVU5tTjJnNFZqWm1iM3BaY1dkQk5VRTFZV1E0Wmpka1YzTTVTMDVHUlVkeVUxSmxZMkpQYTA1dWNuSTBhSHBRVGs1dlVYWm1iSFJzUW5kRlltZFRkV2xDV0ZGWloySmlkRzhyV0hkWFNqRjJURVZzYVhJNVFtNXJWVUphWTNwa2FHMUhURTR6UzJ0b09HUlZOV2xLUzJFMmNFVmhUek5QVUN0bWVsTkxVVFZzYjFNM1lsWXJXRnBQV0dWVFpFMW5iWEF5YlRGMlYwNXFlamxxTmpsaFNrSmxNbEJ1UW5KQlVIUkdPV2s1TkRFeU1YbzVkR0Z4YjJOUUx6bEZUV1ZyVjFkSVJXUjRWbWw2WkdadVJHOXZMMmhTVWpoSU1GUjZkM0ZKWjJWUEwzWkZjR2xrZWtoSGVtNXBRMGRMZDFKck4zcGhjbms0WkhJNEswUjRRazFJTkV0WlNVNXVlbGQzZUVzdmJrUXlRbTVLUjNOdmVGWXdlbmxvZFdsb2JtSXJlV2R2YVU5VU5rVm9ObGxNVUdJclVrczRVV28xT0VkU2VGVmxkR0pHVjJoelRubFhOVzh4ZFhKMmMxWnZaa0UwT0RNNFl6QllhbEZ4Wm1SWGR6SnBhRkJKTWpGVmEzUnFWalpFYmt4b01VcFdkbWRXVGxBM1JtNTZWbFpPYVdSRFZ6QlhkRGxwU0dWc2JsQjZWRk5FUlZObVpHMVdlRE5OUzI5QlMzTlZXR2RySzNkYVkwTTRiRFZ4UlhKMlFrNW5hVk5KU1U1WldrdFlWV0kyV1VkRmRXOWxRVXhIY0c1aU16WkxNM0pXUTJWWE5EbE9aMlZRZVZOWE16SlFSR3hpV1ZKUmFVOTFLM2xsVEhkWlJHSnJXa2Q1YkZnd2QyMU9WU3QwZVhSR1VtSTJSWFJTYTFwQ2FWSjVkRnB2TDJWd1FVeE9NV2RJYWtKMVVFbDBlbXQ0UkdFM1VEWnFOMnRwZGpkSFZYTXlURFJCUm05cFFWVTNRblJpY2pCRVoyWmxMMFV6U1hrNFZYWTNjekV6TVZOemMwODRaRTl2Tmk5eVJHNVNkemxwV25SWVRVbDRZV016TW5JMGNWaFJZMUpVSzA1R2JUVlpXRTlST1ZaTGJ6aFFLek0wUkZoQmJtNDBUMmh2YlZKdk16YzBjRmQyTmtKU1ZWWlpVbVpCYVVScVFtcFdObmROZEZkRWFtbHBOMWQyU1c5SGVtMVJPWHA0Y0hOQ2N6ZHBOMVk1Ynk5MFVVVllSR3hzSzJveE1ucEJWekV6UTNKSmRDOUZiRGhzV0dwaVFtaExLMU5UWkRGaEswMXpVVlZPV1dOMU5uSTNlRTQxSzNKWVkzcEZMMUZvZVhOc2F6QnROVUpoUWtOelFrazNkRWw0VDBabmEzTllaSFpJVTBkbU1GUTVNR3hSWm5SalZqQlhjRlpMV2tkRVExVXhSVGRZZDI5RVdqZHpVbTFyY2tOM1dGbFdUMFIwVlhkYVVqUkNlWE5xU2xVeldIQlFaWHB4Y0ZOeVZYRXpjRzQ0U0RKSFRXWTRjbVJ3WTB3NFZIQkdTRFpWUlRObWEwYzBZbEZvVG5aSFJUSTFhVFpYY0haVU1rVkNXR3cxYTNwRE9HSnpXRms0UlRSMk5tODBVMlJNZDNWSlFrSXJiRlZHTUZONVZVWjRPVlpOVWprdlVWbEtXblpLU0V4cFVUQXhkRTQ0TmtwRldYUnBUVE14TDFJd0syNDBZbEUxUXpkVmJGWllka0pTZUc4MlZtMUROVUp6WTFGS1MwVTBVVTUzVVZKNU9VMUJNbW92TkRnNGMwZHlkMEV2VHpaWmJURXpZMHRoVTAxVE5EbERaVU5PV0ZBek9WaFBUemh0VkdveEszVlRVRlpPVG01eFdIcEhRbFpEUmtsMVVHeHNabVpUZUdWTU1HRlRUVWhuZERFMU9WaFZXVFpEVDNjNGVVcHZkRzRyUjA5TFMxcHlWRk5EZWxGRGFGZDJLM1YxZFRsUmJ6aFBVRVZWZURoSGFDdFZRakpUWkc1a04zVjRUbmd3WTBOc2F6WjRZMmxHYld4cU5scEpiRW8wVkdwNU5qVjBXRmxDVldOQmNFdEJkWFJ2ZWtaV1NISkZiR3B4V1dGVGJHTlpPV2wyU1ZGUVduaFZNbHBaUTJSRWFFdHpkVE14UW5KM1VVMVdaMWhqTW1oRFlWWk1hUzg1VTJwMFRIcFFkMFZyVFZOVlVsVmtibkJoT0dkTlVUVnlaeXRtZFV4V05XbGFUelZLYmxWUkwxbEJUamhEVVZCVlIxbGFWVzlLUjJOa1NrWllZMWwxY2tOdFRIa3ZiSGxGYzNaalVFeDJhMVozZWtwdlZVRXdWRmhPVjBWUlFWZFdlR1pwWW5aaFVrUlRjbU5UZEVKWU4xZHFVVlJ1T1hJMVNqQjNUbWg0TUd0alJHMVpSSFkyYW5sdVpsZFlRMEpqWWtocGVXbzBURGc5SWl3aVpHRjBZV3RsZVNJNkltVjVTbEZTUm1kcFQybEtSRmxZUmxKU2FsSlhZVzE0VldGclVYZGhSbFpyWVRKc1RHSjZTak5STURsb1ZHeEdWRTFYYUVkU1J6bHVaVVpXVlZKcmJ6VmlTRVpaU3pCTk1WUkdWazlrTVU1Q1ZrYzRORk5IT1c1TlNFVjNXV3MxTUZOVmIzbFpWbFV4Vmxad1VGSnNRbEpVVjJjelZHNXdibVZyVmxKUFJUVlFWbTVPTWxORmN6RmxiR1JwVVZkd1RsUkhXbTlqZWxJMlVWUmFjbEZyZERKUk0wNU9ZMjVHVWxVd1ZURlZNblF5WW14YU1GVjZaRkJsV0ZsM1ZESXhiMWR0V25Sa2EyUjNUVVZXZFdKWVJuVlpiVVpQWVZoR2NWUXdlRzlqYkVwTlpHdGtWRmR1WkV0VlZYUm9ZMFZaTTJNemJFbE5iazVIVW1wR1lWUkZOWFZSYVhRMVVqSkpkbU5yV25kVlZrWm9VVlpPU0U1SFJuSlNWMk55VVcxS1RGbHJjR3haZW1zd1lXMW9UbUZGZUVOalV6bFZWbms0ZGxaV1ZtRmlWbVIzWVVkMGFsa3phRFJoUkUxM1UwWkNNMDlXWkZkWFdFcElTek5hUzAwd1VrMVpNMk40WTFWa2RGcEhVa1ZOTUhSdVRraEdRMU14U2xCV1JrWndZMFpLTWxOVmRIaGlWMmhaVFZSc1dVNHhjSFJPYm5CNFdXdHJlVTV1WTNaTk0xWlpWMVJLYW1KdWJHbGFTR1JJVXpGQmVsTlVXbkZaVm5CcVltNU9jMlJWVWtOaFIyUlBXVlU1TmxKRVJuVmtNMHBTWWpKak9WQlRTWE5KYTJ4Q1VrTkpOa2xzU25CaWVsVnlVMnhvUldWVmVHaE5SbGt4Vkc1S1JWSnJlSFJQUlhSQ1pHeHdVbFpVVWtkaE0xWjBUa2hvZUdKRk9YaGxha0p3VGxjd05WVXljRXhXYkVwNFpGWk9jVTFJYkcxTmEzaFVWVEowYWxveFFreE5SMnhLWVRGb2Jrc3hXa05OUlRsNlZVUmpjbEl3WkVWYVYwWkRXa1JGTVZKcVNUSlVibU4zWWtWS2Rsb3dlRVprYTFJMlpVZEZlbFZ1Y0hSaGEyOTZVekZTTTFkclJYbGtWWEJFVGtkMFQwMHhhSGxOYm5CTFZXMU5lR1JZYUZOU2FrMHdZbFZPU1ZaVVdteFVSV2hIVlVaR2VtRnRTalZNTWxFMFlqSndRMWRGVGxCVlV6bFlWbXRyY21WdFRYZFJNbmh2VWxkemRrOVdXbFJPYTFaU1VWWnNWMkZJU2xaWk0wNUxWbXhLY2xJd2FFcFBTRUpFVmtSb1YwNUhXa3BoUmtFMFlraHdNR1JHUVhKTU1VWXhWR2s0ZWxremFFbFZSemxGWkZjeGVWVnNTalZOTWpGRldtMXNUV05FYUhkU1ZscERWMFZhYzFsWVVuUk1NVUpFVWpGck5GUXhjRzlqUkdoM1ZsYzFSVlZHVG5OV1YwVXhVa2MxV2xWVVFrUlJNMFp0V1d0ck1sUldhRlpPVmxaV1QxVkpNVnBGUmpGTlZsVXlXbGRhY21GRmMzWk9VemxGWXpOS05rOVhSalJpYm14V1pVWk9kMk16UWtSU1ZXaHZaRVZhY2sweFJUSmhhbG8wVGtSU01sVlVNRGxKYmpBOUlpd2lkbVZ5YzJsdmJpSTZJak1pTENKMGVYQmxJam9pUkVGVVFWOUxSVmtpTENKbGVIQnBjbUYwYVc5dUlqb3hOelE0TWpZMk16WXpmUT09",
            "expires_at": "2025-05-26T13:32:43Z",
            "id": "us-east-1",
            "password": "eyJwYXlsb2FkIjoiRlpZQnJsYWptUDVQcmxpcS9EMUNmN2g4VjZmb3pZcWdBNUE1YWQ4ZjdkV3M5S05GRUdyU1JlY2JPa05ucnI0aHpQTk5vUXZmbHRsQndFYmdTdWlCWFFZZ2JidG8rWHdXSjF2TEVsaXI5Qm5rVUJaY3pkaG1HTE4zS2toOGRVNWlKS2E2cEVhTzNPUCtmelNLUTVsb1M3YlYrWFpPWGVTZE1nbXAybTF2V05qejlqNjlhSkJlMlBuQnJBUHRGOWk5NDEyMXo5dGFxb2NQLzlFTWVrV1dIRWR4Vml6ZGZuRG9vL2hSUjhIMFR6d3FJZ2VPL3ZFcGlkekhHem5pQ0dLd1JrN3phcnk4ZHI4K0R4Qk1INEtZSU5ueld3eEsvbkQyQm5KR3NveFYwenlodWlobmIreWdvaU9UNkVoNllMUGIrUks4UWo1OEdSeFVldGJGV2hzTnlXNW8xdXJ2c1ZvZkE0ODM4YzBYalFxZmRXdzJpaFBJMjFVa3RqVjZEbkxoMUpWdmdWTlA3Rm56VlZOaWRDVzBXdDlpSGVsblB6VFNERVNmZG1WeDNNS29BS3NVWGdrK3daY0M4bDVxRXJ2Qk5naVNJSU5ZWktYVWI2WUdFdW9lQUxHcG5iMzZLM3JWQ2VXNDlOZ2VQeVNXMzJQRGxiWVJRaU91K3llTHdZRGJrWkd5bFgwd21OVSt0eXRGUmI2RXRSa1pCaVJ5dFpvL2VwQUxOMWdIakJ1UEl0emt4RGE3UDZqN2tpdjdHVXMyTDRBRm9pQVU3QnRicjBEZ2ZlL0UzSXk4VXY3czEzMVNzc084ZE9vNi9yRG5SdzlpWnRYTUl4YWMzMnI0cVhRY1JUK05GbTVZWE9ROVZLbzhQKzM0RFhBbm40T2hvbVJvMzc0cFd2NkJSVVZZUmZBaURqQmpWNndNdFdEamlpN1d2SW9Hem1ROXp4cHNCczdpN1Y5by90UUVYRGxsK2oxMnpBVzEzQ3JJdC9FbDhsWGpiQmhLK1NTZDFhK01zUVVOWWN1NnI3eE41K3JYY3pFL1FoeXNsazBtNUJhQkNzQkk3dEl4T0Zna3NYZHZIU0dmMFQ5MGxRZnRjVjBXcFZLWkdEQ1UxRTdYd29EWjdzUm1rckN3WFlWT0R0VXdaUjRCeXNqSlUzWHBQZXpxcFNyVXEzcG44SDJHTWY4cmRwY0w4VHBGSDZVRTNma0c0YlFoTnZHRTI1aTZXcHZUMkVCWGw1a3pDOGJzWFk4RTR2Nm80U2RMd3VJQkIrbFVGMFN5VUZ4OVZNUjkvUVlKWnZKSExpUTAxdE44NkpFWXRpTTMxL1IwK240YlE1QzdVbFZYdkJSeG82Vm1DNUJzY1FKS0U0UU53UVJ5OU1BMmovNDg4c0dyd0EvTzZZbTEzY0thU01TNDlDZUNOWFAzOVhPTzhtVGoxK3VTUFZOTm5xWHpHQlZDRkl1UGxsZmZTeGVMMGFTTUhndDE1OVhVWTZDT3c4eUpvdG4rR09LS1pyVFNDelFDaFd2K3V1dTlRbzhPUEVVeDhHaCtVQjJTZG5kN3V4TngwY0NsazZ4Y2lGbWxqNlpJbEo0VGp5NjV0WFlCVWNBcEtBdXRvekZWSHJFbGpxWWFTbGNZOWl2SVFQWnhVMlpZQ2REaEtzdTMxQnJ3UU1WZ1hjMmhDYVZMaS85U2p0THpQd0VrTVNVUlVkbnBhOGdNUTVyZytmdUxWNWlaTzVKblVRL1lBTjhDUVBVR1laVW9KR2NkSkZYY1l1ckNtTHkvbHlFc3ZjUEx2a1Z3ekpvVUEwVFhOV0VRQVdWeGZpYnZhUkRTcmNTdEJYN1dqUVRuOXI1SjB3Tmh4MGtjRG1ZRHY2anluZldYQ0JjYkhpeWo0TDg9IiwiZGF0YWtleSI6ImV5SlFSRmdpT2lKRFlYRlJSalJXYW14VWFrUXdhRlZrYTJsTGJ6SjNRMDloVGxGVE1XaEdSRzluZUZWVVJrbzViSEZZSzBNMVRGVk9kMU5CVkc4NFNHOW5NSEV3WWs1MFNVb3lZVlUxVlZwUFJsQlJUV2czVG5wbmVrVlJPRTVQVm5OMlNFczFlbGRpUVdwTlRHWm9jelI2UVRaclFrdDJRM05OY25GUlUwVTFVMnQyYmxaMFV6ZFBlWFl3VDIxb1dtWnRka2R3TUVWdWJYRnVZbUZPYVhGcVQweG9jbEpNZGtkVFduZEtVVXRoY0VZM2MzbElNbk5HUmpGYVRFNXVRaXQ1UjJJdmNrWndVVkZoUVZOSE5HRnJSV2NyUW1KTFlrcGxZemswYW1oTmFFeENjUzlVVnk4dlZWVmFiVmR3YUd0alkzaDRhRE13U0ZCM09WZFdXWEpISzNaS00wUk1ZM2N4Y1VkdFpHUkVNMHRuTkhGQ1MxSlBWRkZwY0ZKMlNVdHhiV2hZTVRsWU4xcHRObnB4WWtreU5uY3ZNM1ZZV1RKamJubGlaSGRIUzFBelNUWnFZVnBqYm5Oc2RVUkNhR2RPWVU5NlJERnVkM0pSYjJjOVBTSXNJa2xCUkNJNklsSnBielVyU2xoRWVVeGhNRlkxVG5KRVJreHRPRXRCZGxwUlZUUkdhM1Z0TkhoeGJFOXhlakJwTlcwNVUycExWbEp4ZFZOcU1IbG1Na3hUVTJ0aloxQkxNR2xKYTFobksxWkNNRTl6VURjclIwZEVaV0ZDWkRFMVJqSTJUbmN3YkVKdloweEZka1I2ZUdFelVucHRha296UzFSM1drRXlkVXBETkd0T00xaHlNbnBLVW1NeGRYaFNSak0wYlVOSVZUWmxURWhHVUZGemFtSjVMMlE0YjJwQ1dFTlBVUzlYVmtrcmVtTXdRMnhvUldzdk9WWlROa1ZSUVZsV2FISlZZM05LVmxKclIwaEpPSEJEVkRoV05HWkphRkE0YkhwMGRGQXJMMUYxVGk4elkzaElVRzlFZFcxeVVsSjVNMjFFWm1sTWNEaHdSVlpDV0Vac1lYUnRMMUJEUjFrNFQxcG9jRGh3Vlc1RVVGTnNWV0UxUkc1WlVUQkRRM0ZtWWtrMlRWaFZOVlZWT1VJMVpFRjFNVlUyWldacmFFc3ZOUzlFYzNKNk9XRjRibmxWZUZOd2MzQkRSVWhvZEVack0xRTJhalo0TkRSMlVUMDlJbjA9IiwidmVyc2lvbiI6IjMiLCJ0eXBlIjoiREFUQV9LRVkiLCJleHBpcmF0aW9uIjoxNzQ4MjY2MzYzfQ==",
            "user_name": "AWS"
          },
          "sensitive_attributes": []
        }
      ]
    },
    {
      "mode": "managed",
      "type": "local_file",
      "name": "setup_gpu",
      "provider": "provider[\"registry.terraform.io/hashicorp/local\"]",
      "instances": [
        {
          "schema_version": 0,
          "attributes": {
            "content": "---\napiVersion: eks.amazonaws.com/v1\nkind: NodeClass\nmetadata:\n  name: gpu-nodeclass\nspec:\n  role: automode-cluster-eks-auto-20250526011258137100000004\n  subnetSelectorTerms:\n    - tags:\n        karpenter.sh/discovery: \"automode-demo\"\n  securityGroupSelectorTerms:\n    - tags:\n        aws:eks:cluster-name: automode-cluster\n  tags:\n    karpenter.sh/discovery: \"automode-demo\"\n---\napiVersion: karpenter.sh/v1\nkind: NodePool\nmetadata:\n  name: gpu-nodepool\nspec:\n  template:\n    spec:\n      nodeClassRef:\n        group: eks.amazonaws.com\n        kind: NodeClass\n        name: gpu-nodeclass\n      requirements:\n        - key: \"eks.amazonaws.com/instance-family\"\n          operator: In\n          values: [\"g5\"]\n        - key: \"eks.amazonaws.com/instance-size\"\n          operator: In\n          values: [ \"2xlarge\", \"4xlarge\", \"8xlarge\", \"12xlarge\", \"24xlarge\", \"48xlarge\" ]\n        - key: \"karpenter.sh/capacity-type\"\n          operator: In\n          values: [\"spot\", \"on-demand\"]\n      taints:\n        - key: \"nvidia.com/gpu\"\n          value: \"true\"\n          effect: NoSchedule\n  limits:\n    cpu: 1000\n  disruption:\n    consolidationPolicy: WhenEmpty\n    consolidateAfter: 30s\n",
            "content_base64": null,
            "content_base64sha256": "a/d/WbsD+fWMPjBlchiaxOZO7C97VjE6p0NIQCOwA1Y=",
            "content_base64sha512": "klqZ07hS4VnV9JhVgvH7l4UWVj/3LPi83JJjW8SFm9uzn6sj5aNfnCQC7zJBEcVkr+GkSEWFBwtLRG9/pAIOBw==",
            "content_md5": "5910dca521979cef02ffc3805578f378",
            "content_sha1": "ec5e39c570840ed4df8c2e73d195906bf3a24426",
            "content_sha256": "6bf77f59bb03f9f58c3e306572189ac4e64eec2f7b56313aa743484023b00356",
            "content_sha512": "925a99d3b852e159d5f4985582f1fb978516563ff72cf8bcdc92635bc4859bdbb39fab23e5a35f9c2402ef324111c564afe1a4484585070b4b446f7fa4020e07",
            "directory_permission": "0777",
            "file_permission": "0777",
            "filename": "./../nodepools/gpu-nodepool.yaml",
            "id": "ec5e39c570840ed4df8c2e73d195906bf3a24426",
            "sensitive_content": null,
            "source": null
          },
          "sensitive_attributes": [],
          "dependencies": [
            "module.eks.aws_cloudwatch_log_group.this",
            "module.eks.aws_eks_access_entry.this",
            "module.eks.aws_eks_access_policy_association.this",
            "module.eks.aws_eks_cluster.this",
            "module.eks.aws_iam_policy.cni_ipv6_policy",
            "module.eks.aws_iam_role.eks_auto",
            "module.eks.aws_iam_role.this",
            "module.eks.aws_iam_role_policy_attachment.this",
            "module.eks.aws_security_group.cluster",
            "module.eks.aws_security_group.node",
            "module.eks.aws_security_group_rule.cluster",
            "module.eks.aws_security_group_rule.node",
            "module.eks.data.aws_caller_identity.current",
            "module.eks.data.aws_iam_policy_document.assume_role_policy",
            "module.eks.data.aws_iam_policy_document.cni_ipv6_policy",
            "module.eks.data.aws_iam_policy_document.node_assume_role_policy",
            "module.eks.data.aws_iam_session_context.current",
            "module.eks.data.aws_partition.current",
            "module.eks.module.kms.aws_kms_external_key.this",
            "module.eks.module.kms.aws_kms_key.this",
            "module.eks.module.kms.aws_kms_replica_external_key.this",
            "module.eks.module.kms.aws_kms_replica_key.this",
            "module.eks.module.kms.data.aws_caller_identity.current",
            "module.eks.module.kms.data.aws_iam_policy_document.this",
            "module.eks.module.kms.data.aws_partition.current"
          ]
        }
      ]
    },
    {
      "mode": "managed",
      "type": "local_file",
      "name": "setup_graviton",
      "provider": "provider[\"registry.terraform.io/hashicorp/local\"]",
      "instances": [
        {
          "schema_version": 0,
          "attributes": {
            "content": "---\napiVersion: eks.amazonaws.com/v1\nkind: NodeClass\nmetadata:\n  name: graviton-nodeclass\nspec:\n  role: automode-cluster-eks-auto-20250526011258137100000004\n  subnetSelectorTerms:\n    - tags:\n        karpenter.sh/discovery: \"automode-demo\"\n  securityGroupSelectorTerms:\n    - tags:\n        aws:eks:cluster-name: automode-cluster\n  tags:\n    karpenter.sh/discovery: \"automode-demo\"\n---\napiVersion: karpenter.sh/v1\nkind: NodePool\nmetadata:\n  name: graviton-nodepool\nspec:\n  template:\n    spec:\n      nodeClassRef:\n        group: eks.amazonaws.com\n        kind: NodeClass\n        name: graviton-nodeclass\n      requirements:\n        - key: \"eks.amazonaws.com/instance-category\"\n          operator: In\n          values: [\"c\", \"m\", \"r\"]\n        - key: \"eks.amazonaws.com/instance-cpu\"\n          operator: In\n          values: [\"4\", \"8\", \"16\", \"32\"]\n        - key: \"kubernetes.io/arch\"\n          operator: In\n          values: [\"arm64\"]\n      taints:\n        - key: \"arm64\"\n          value: \"true\"\n          effect: \"NoSchedule\"\n  limits:\n    cpu: 1000\n  disruption:\n    consolidationPolicy: WhenEmpty\n    consolidateAfter: 30s\n",
            "content_base64": null,
            "content_base64sha256": "NoIq6rGPvKly7rckTxJvub+fJKpL/+IT7+ev2o33IWE=",
            "content_base64sha512": "4ggZfRXqxWeyzqb7dGcwWkgKlOcpVoVGsuwRpkE6MFg5ORPc6Uqb7qTfSRAq/mLU3Y6xQRAN+FJn5ECAc8ewfg==",
            "content_md5": "89145e2e6a55cc704f23130aeddbc2de",
            "content_sha1": "cb837702f614468904fcfdb462d7db48347ce6e6",
            "content_sha256": "36822aeab18fbca972eeb7244f126fb9bf9f24aa4bffe213efe7afda8df72161",
            "content_sha512": "e208197d15eac567b2cea6fb7467305a480a94e729568546b2ec11a6413a3058393913dce94a9beea4df49102afe62d4dd8eb141100df85267e4408073c7b07e",
            "directory_permission": "0777",
            "file_permission": "0777",
            "filename": "./../nodepools/graviton-nodepool.yaml",
            "id": "cb837702f614468904fcfdb462d7db48347ce6e6",
            "sensitive_content": null,
            "source": null
          },
          "sensitive_attributes": [],
          "dependencies": [
            "module.eks.aws_cloudwatch_log_group.this",
            "module.eks.aws_eks_access_entry.this",
            "module.eks.aws_eks_access_policy_association.this",
            "module.eks.aws_eks_cluster.this",
            "module.eks.aws_iam_policy.cni_ipv6_policy",
            "module.eks.aws_iam_role.eks_auto",
            "module.eks.aws_iam_role.this",
            "module.eks.aws_iam_role_policy_attachment.this",
            "module.eks.aws_security_group.cluster",
            "module.eks.aws_security_group.node",
            "module.eks.aws_security_group_rule.cluster",
            "module.eks.aws_security_group_rule.node",
            "module.eks.data.aws_caller_identity.current",
            "module.eks.data.aws_iam_policy_document.assume_role_policy",
            "module.eks.data.aws_iam_policy_document.cni_ipv6_policy",
            "module.eks.data.aws_iam_policy_document.node_assume_role_policy",
            "module.eks.data.aws_iam_session_context.current",
            "module.eks.data.aws_partition.current",
            "module.eks.module.kms.aws_kms_external_key.this",
            "module.eks.module.kms.aws_kms_key.this",
            "module.eks.module.kms.aws_kms_replica_external_key.this",
            "module.eks.module.kms.aws_kms_replica_key.this",
            "module.eks.module.kms.data.aws_caller_identity.current",
            "module.eks.module.kms.data.aws_iam_policy_document.this",
            "module.eks.module.kms.data.aws_partition.current"
          ]
        }
      ]
    },
    {
      "mode": "managed",
      "type": "local_file",
      "name": "setup_neuron",
      "provider": "provider[\"registry.terraform.io/hashicorp/local\"]",
      "instances": [
        {
          "schema_version": 0,
          "attributes": {
            "content": "---\napiVersion: eks.amazonaws.com/v1\nkind: NodeClass\nmetadata:\n  name: neuron-nodeclass\nspec:\n  role: automode-cluster-eks-auto-20250526011258137100000004\n  subnetSelectorTerms:\n    - tags:\n        karpenter.sh/discovery: \"automode-demo\"\n  securityGroupSelectorTerms:\n    - tags:\n        aws:eks:cluster-name: automode-cluster\n  tags:\n    karpenter.sh/discovery: \"automode-demo\"\n---\napiVersion: karpenter.sh/v1\nkind: NodePool\nmetadata:\n  name: neuron-nodepool\nspec:\n  template:\n    spec:\n      nodeClassRef:\n        group: eks.amazonaws.com\n        kind: NodeClass\n        name: neuron-nodeclass\n      requirements:\n        - key: \"eks.amazonaws.com/instance-family\"\n          operator: In\n          values: [\"inf2\"]\n        - key: \"karpenter.sh/capacity-type\"\n          operator: In\n          values: [\"spot\", \"on-demand\"]\n      taints:\n        - key: \"aws.amazon.com/neuron\"\n          value: \"true\"\n          effect: NoSchedule\n  limits:\n    cpu: 1000\n  disruption:\n    consolidationPolicy: WhenEmpty\n    consolidateAfter: 30s\n",
            "content_base64": null,
            "content_base64sha256": "t5Cduhe6UAYW3MEVivhr9m9bH5rkMXWq0Vv8x3i2QPw=",
            "content_base64sha512": "zr7tWdTDqDcD0xSQdARyoaTxqa88apzPXdtfjaF8B52AhsZch5vncVReHt2+Rjql7JJJbWiUzbedNAcfuxfY9Q==",
            "content_md5": "993f4e7306f18d1744a65d1560e3b0dd",
            "content_sha1": "57e18a596810263dd5eb72e77d237bae51f7422b",
            "content_sha256": "b7909dba17ba500616dcc1158af86bf66f5b1f9ae43175aad15bfcc778b640fc",
            "content_sha512": "cebeed59d4c3a83703d31490740472a1a4f1a9af3c6a9ccf5ddb5f8da17c079d8086c65c879be771545e1eddbe463aa5ec92496d6894cdb79d34071fbb17d8f5",
            "directory_permission": "0777",
            "file_permission": "0777",
            "filename": "./../nodepools/neuron-nodepool.yaml",
            "id": "57e18a596810263dd5eb72e77d237bae51f7422b",
            "sensitive_content": null,
            "source": null
          },
          "sensitive_attributes": [],
          "dependencies": [
            "module.eks.aws_cloudwatch_log_group.this",
            "module.eks.aws_eks_access_entry.this",
            "module.eks.aws_eks_access_policy_association.this",
            "module.eks.aws_eks_cluster.this",
            "module.eks.aws_iam_policy.cni_ipv6_policy",
            "module.eks.aws_iam_role.eks_auto",
            "module.eks.aws_iam_role.this",
            "module.eks.aws_iam_role_policy_attachment.this",
            "module.eks.aws_security_group.cluster",
            "module.eks.aws_security_group.node",
            "module.eks.aws_security_group_rule.cluster",
            "module.eks.aws_security_group_rule.node",
            "module.eks.data.aws_caller_identity.current",
            "module.eks.data.aws_iam_policy_document.assume_role_policy",
            "module.eks.data.aws_iam_policy_document.cni_ipv6_policy",
            "module.eks.data.aws_iam_policy_document.node_assume_role_policy",
            "module.eks.data.aws_iam_session_context.current",
            "module.eks.data.aws_partition.current",
            "module.eks.module.kms.aws_kms_external_key.this",
            "module.eks.module.kms.aws_kms_key.this",
            "module.eks.module.kms.aws_kms_replica_external_key.this",
            "module.eks.module.kms.aws_kms_replica_key.this",
            "module.eks.module.kms.data.aws_caller_identity.current",
            "module.eks.module.kms.data.aws_iam_policy_document.this",
            "module.eks.module.kms.data.aws_partition.current"
          ]
        }
      ]
    },
    {
      "mode": "managed",
      "type": "local_file",
      "name": "setup_spot",
      "provider": "provider[\"registry.terraform.io/hashicorp/local\"]",
      "instances": [
        {
          "schema_version": 0,
          "attributes": {
            "content": "---\napiVersion: eks.amazonaws.com/v1\nkind: NodeClass\nmetadata:\n  name: spot-nodeclass\nspec:\n  role: automode-cluster-eks-auto-20250526011258137100000004\n  subnetSelectorTerms:\n    - tags:\n        karpenter.sh/discovery: \"automode-demo\"\n  securityGroupSelectorTerms:\n    - tags:\n        aws:eks:cluster-name: automode-cluster\n  tags:\n    karpenter.sh/discovery: \"automode-demo\"\n---\napiVersion: karpenter.sh/v1\nkind: NodePool\nmetadata:\n  name: spot-nodepool\nspec:\n  template:\n    spec:\n      nodeClassRef:\n        group: eks.amazonaws.com\n        kind: NodeClass\n        name: spot-nodeclass\n      requirements:\n        - key: \"eks.amazonaws.com/instance-category\"\n          operator: In\n          values: [\"c\", \"m\", \"r\"]\n        - key: \"eks.amazonaws.com/instance-cpu\"\n          operator: In\n          values: [\"4\", \"8\", \"16\", \"32\"]\n        - key: \"kubernetes.io/arch\"\n          operator: In\n          values: [\"arm64\"]\n        - key: \"karpenter.sh/capacity-type\"\n          operator: In\n          values: [\"spot\"]\n      taints:\n        - key: \"spot\"\n          value: \"true\"\n          effect: \"NoSchedule\"\n  limits:\n    cpu: 1000\n  disruption:\n    consolidationPolicy: WhenEmpty\n    consolidateAfter: 30s\n",
            "content_base64": null,
            "content_base64sha256": "XByvM83Z3o08jc8rv0jS9DZOOD7n17KXXMWK50OJ4rI=",
            "content_base64sha512": "iR/p5/034E8ksqhOcgDFZK5syzxunkSlG8v8O6KGdXHL8pOIB0CDBo29gbQwPIQGBMnMYVIrQaiU3zkRTxYsAA==",
            "content_md5": "a4fa939199077e18884db93b48b7f73a",
            "content_sha1": "122034fa07b544f9d31a0f4b362e3b97de9dd977",
            "content_sha256": "5c1caf33cdd9de8d3c8dcf2bbf48d2f4364e383ee7d7b2975cc58ae74389e2b2",
            "content_sha512": "891fe9e7fd37e04f24b2a84e7200c564ae6ccb3c6e9e44a51bcbfc3ba2867571cbf29388074083068dbd81b4303c840604c9cc61522b41a894df39114f162c00",
            "directory_permission": "0777",
            "file_permission": "0777",
            "filename": "./../nodepools/spot-nodepool.yaml",
            "id": "122034fa07b544f9d31a0f4b362e3b97de9dd977",
            "sensitive_content": null,
            "source": null
          },
          "sensitive_attributes": [],
          "dependencies": [
            "module.eks.aws_cloudwatch_log_group.this",
            "module.eks.aws_eks_access_entry.this",
            "module.eks.aws_eks_access_policy_association.this",
            "module.eks.aws_eks_cluster.this",
            "module.eks.aws_iam_policy.cni_ipv6_policy",
            "module.eks.aws_iam_role.eks_auto",
            "module.eks.aws_iam_role.this",
            "module.eks.aws_iam_role_policy_attachment.this",
            "module.eks.aws_security_group.cluster",
            "module.eks.aws_security_group.node",
            "module.eks.aws_security_group_rule.cluster",
            "module.eks.aws_security_group_rule.node",
            "module.eks.data.aws_caller_identity.current",
            "module.eks.data.aws_iam_policy_document.assume_role_policy",
            "module.eks.data.aws_iam_policy_document.cni_ipv6_policy",
            "module.eks.data.aws_iam_policy_document.node_assume_role_policy",
            "module.eks.data.aws_iam_session_context.current",
            "module.eks.data.aws_partition.current",
            "module.eks.module.kms.aws_kms_external_key.this",
            "module.eks.module.kms.aws_kms_key.this",
            "module.eks.module.kms.aws_kms_replica_external_key.this",
            "module.eks.module.kms.aws_kms_replica_key.this",
            "module.eks.module.kms.data.aws_caller_identity.current",
            "module.eks.module.kms.data.aws_iam_policy_document.this",
            "module.eks.module.kms.data.aws_partition.current"
          ]
        }
      ]
    },
    {
      "mode": "managed",
      "type": "null_resource",
      "name": "create_nodepools_dir",
      "provider": "provider[\"registry.terraform.io/hashicorp/null\"]",
      "instances": [
        {
          "schema_version": 0,
          "attributes": {
            "id": "7894221372261515175",
            "triggers": null
          },
          "sensitive_attributes": []
        }
      ]
    },
    {
      "module": "module.eks",
      "mode": "data",
      "type": "aws_caller_identity",
      "name": "current",
      "provider": "provider[\"registry.terraform.io/hashicorp/aws\"]",
      "instances": [
        {
          "index_key": 0,
          "schema_version": 0,
          "attributes": {
            "account_id": "844333597536",
            "arn": "arn:aws:sts::844333597536:assumed-role/AWSReservedSSO_AWSAdministratorAccess_d270afaa03aa789f/jim@nirmata.com",
            "id": "844333597536",
            "user_id": "AROA4JFRUINQPJLRF3ZGH:jim@nirmata.com"
          },
          "sensitive_attributes": []
        }
      ]
    },
    {
      "module": "module.eks",
      "mode": "data",
      "type": "aws_iam_policy_document",
      "name": "assume_role_policy",
      "provider": "provider[\"registry.terraform.io/hashicorp/aws\"]",
      "instances": [
        {
          "index_key": 0,
          "schema_version": 0,
          "attributes": {
            "id": "2830595799",
            "json": "{\n  \"Version\": \"2012-10-17\",\n  \"Statement\": [\n    {\n      \"Sid\": \"EKSClusterAssumeRole\",\n      \"Effect\": \"Allow\",\n      \"Action\": [\n        \"sts:TagSession\",\n        \"sts:AssumeRole\"\n      ],\n      \"Principal\": {\n        \"Service\": \"eks.amazonaws.com\"\n      }\n    }\n  ]\n}",
            "minified_json": "{\"Version\":\"2012-10-17\",\"Statement\":[{\"Sid\":\"EKSClusterAssumeRole\",\"Effect\":\"Allow\",\"Action\":[\"sts:TagSession\",\"sts:AssumeRole\"],\"Principal\":{\"Service\":\"eks.amazonaws.com\"}}]}",
            "override_json": null,
            "override_policy_documents": null,
            "policy_id": null,
            "source_json": null,
            "source_policy_documents": null,
            "statement": [
              {
                "actions": [
                  "sts:AssumeRole",
                  "sts:TagSession"
                ],
                "condition": [],
                "effect": "Allow",
                "not_actions": [],
                "not_principals": [],
                "not_resources": [],
                "principals": [
                  {
                    "identifiers": [
                      "eks.amazonaws.com"
                    ],
                    "type": "Service"
                  }
                ],
                "resources": [],
                "sid": "EKSClusterAssumeRole"
              }
            ],
            "version": "2012-10-17"
          },
          "sensitive_attributes": []
        }
      ]
    },
    {
      "module": "module.eks",
      "mode": "data",
      "type": "aws_iam_policy_document",
      "name": "custom",
      "provider": "provider[\"registry.terraform.io/hashicorp/aws\"]",
      "instances": [
        {
          "index_key": 0,
          "schema_version": 0,
          "attributes": {
            "id": "513122117",
            "json": "{\n  \"Version\": \"2012-10-17\",\n  \"Statement\": [\n    {\n      \"Sid\": \"Compute\",\n      \"Effect\": \"Allow\",\n      \"Action\": [\n        \"ec2:RunInstances\",\n        \"ec2:CreateLaunchTemplate\",\n        \"ec2:CreateFleet\"\n      ],\n      \"Resource\": \"*\",\n      \"Condition\": {\n        \"StringEquals\": {\n          \"aws:RequestTag/eks:eks-cluster-name\": \"${aws:PrincipalTag/eks:eks-cluster-name}\"\n        },\n        \"StringLike\": {\n          \"aws:RequestTag/eks:kubernetes-node-class-name\": \"*\",\n          \"aws:RequestTag/eks:kubernetes-node-pool-name\": \"*\"\n        }\n      }\n    },\n    {\n      \"Sid\": \"Storage\",\n      \"Effect\": \"Allow\",\n      \"Action\": [\n        \"ec2:CreateVolume\",\n        \"ec2:CreateSnapshot\"\n      ],\n      \"Resource\": [\n        \"arn:aws:ec2:*:*:volume/*\",\n        \"arn:aws:ec2:*:*:snapshot/*\"\n      ],\n      \"Condition\": {\n        \"StringEquals\": {\n          \"aws:RequestTag/eks:eks-cluster-name\": \"${aws:PrincipalTag/eks:eks-cluster-name}\"\n        }\n      }\n    },\n    {\n      \"Sid\": \"Networking\",\n      \"Effect\": \"Allow\",\n      \"Action\": \"ec2:CreateNetworkInterface\",\n      \"Resource\": \"*\",\n      \"Condition\": {\n        \"StringEquals\": {\n          \"aws:RequestTag/eks:eks-cluster-name\": \"${aws:PrincipalTag/eks:eks-cluster-name}\",\n          \"aws:RequestTag/eks:kubernetes-cni-node-name\": \"*\"\n        }\n      }\n    },\n    {\n      \"Sid\": \"LoadBalancer\",\n      \"Effect\": \"Allow\",\n      \"Action\": [\n        \"elasticloadbalancing:CreateTargetGroup\",\n        \"elasticloadbalancing:CreateRule\",\n        \"elasticloadbalancing:CreateLoadBalancer\",\n        \"elasticloadbalancing:CreateListener\",\n        \"ec2:CreateSecurityGroup\"\n      ],\n      \"Resource\": \"*\",\n      \"Condition\": {\n        \"StringEquals\": {\n          \"aws:RequestTag/eks:eks-cluster-name\": \"${aws:PrincipalTag/eks:eks-cluster-name}\"\n        }\n      }\n    },\n    {\n      \"Sid\": \"ShieldProtection\",\n      \"Effect\": \"Allow\",\n      \"Action\": \"shield:CreateProtection\",\n      \"Resource\": \"*\",\n      \"Condition\": {\n        \"StringEquals\": {\n          \"aws:RequestTag/eks:eks-cluster-name\": \"${aws:PrincipalTag/eks:eks-cluster-name}\"\n        }\n      }\n    },\n    {\n      \"Sid\": \"ShieldTagResource\",\n      \"Effect\": \"Allow\",\n      \"Action\": \"shield:TagResource\",\n      \"Resource\": \"arn:aws:shield::*:protection/*\",\n      \"Condition\": {\n        \"StringEquals\": {\n          \"aws:RequestTag/eks:eks-cluster-name\": \"${aws:PrincipalTag/eks:eks-cluster-name}\"\n        }\n      }\n    }\n  ]\n}",
            "minified_json": "{\"Version\":\"2012-10-17\",\"Statement\":[{\"Sid\":\"Compute\",\"Effect\":\"Allow\",\"Action\":[\"ec2:RunInstances\",\"ec2:CreateLaunchTemplate\",\"ec2:CreateFleet\"],\"Resource\":\"*\",\"Condition\":{\"StringEquals\":{\"aws:RequestTag/eks:eks-cluster-name\":\"${aws:PrincipalTag/eks:eks-cluster-name}\"},\"StringLike\":{\"aws:RequestTag/eks:kubernetes-node-class-name\":\"*\",\"aws:RequestTag/eks:kubernetes-node-pool-name\":\"*\"}}},{\"Sid\":\"Storage\",\"Effect\":\"Allow\",\"Action\":[\"ec2:CreateVolume\",\"ec2:CreateSnapshot\"],\"Resource\":[\"arn:aws:ec2:*:*:volume/*\",\"arn:aws:ec2:*:*:snapshot/*\"],\"Condition\":{\"StringEquals\":{\"aws:RequestTag/eks:eks-cluster-name\":\"${aws:PrincipalTag/eks:eks-cluster-name}\"}}},{\"Sid\":\"Networking\",\"Effect\":\"Allow\",\"Action\":\"ec2:CreateNetworkInterface\",\"Resource\":\"*\",\"Condition\":{\"StringEquals\":{\"aws:RequestTag/eks:eks-cluster-name\":\"${aws:PrincipalTag/eks:eks-cluster-name}\",\"aws:RequestTag/eks:kubernetes-cni-node-name\":\"*\"}}},{\"Sid\":\"LoadBalancer\",\"Effect\":\"Allow\",\"Action\":[\"elasticloadbalancing:CreateTargetGroup\",\"elasticloadbalancing:CreateRule\",\"elasticloadbalancing:CreateLoadBalancer\",\"elasticloadbalancing:CreateListener\",\"ec2:CreateSecurityGroup\"],\"Resource\":\"*\",\"Condition\":{\"StringEquals\":{\"aws:RequestTag/eks:eks-cluster-name\":\"${aws:PrincipalTag/eks:eks-cluster-name}\"}}},{\"Sid\":\"ShieldProtection\",\"Effect\":\"Allow\",\"Action\":\"shield:CreateProtection\",\"Resource\":\"*\",\"Condition\":{\"StringEquals\":{\"aws:RequestTag/eks:eks-cluster-name\":\"${aws:PrincipalTag/eks:eks-cluster-name}\"}}},{\"Sid\":\"ShieldTagResource\",\"Effect\":\"Allow\",\"Action\":\"shield:TagResource\",\"Resource\":\"arn:aws:shield::*:protection/*\",\"Condition\":{\"StringEquals\":{\"aws:RequestTag/eks:eks-cluster-name\":\"${aws:PrincipalTag/eks:eks-cluster-name}\"}}}]}",
            "override_json": null,
            "override_policy_documents": null,
            "policy_id": null,
            "source_json": null,
            "source_policy_documents": null,
            "statement": [
              {
                "actions": [
                  "ec2:CreateFleet",
                  "ec2:CreateLaunchTemplate",
                  "ec2:RunInstances"
                ],
                "condition": [
                  {
                    "test": "StringEquals",
                    "values": [
                      "${aws:PrincipalTag/eks:eks-cluster-name}"
                    ],
                    "variable": "aws:RequestTag/eks:eks-cluster-name"
                  },
                  {
                    "test": "StringLike",
                    "values": [
                      "*"
                    ],
                    "variable": "aws:RequestTag/eks:kubernetes-node-class-name"
                  },
                  {
                    "test": "StringLike",
                    "values": [
                      "*"
                    ],
                    "variable": "aws:RequestTag/eks:kubernetes-node-pool-name"
                  }
                ],
                "effect": "Allow",
                "not_actions": [],
                "not_principals": [],
                "not_resources": [],
                "principals": [],
                "resources": [
                  "*"
                ],
                "sid": "Compute"
              },
              {
                "actions": [
                  "ec2:CreateSnapshot",
                  "ec2:CreateVolume"
                ],
                "condition": [
                  {
                    "test": "StringEquals",
                    "values": [
                      "${aws:PrincipalTag/eks:eks-cluster-name}"
                    ],
                    "variable": "aws:RequestTag/eks:eks-cluster-name"
                  }
                ],
                "effect": "Allow",
                "not_actions": [],
                "not_principals": [],
                "not_resources": [],
                "principals": [],
                "resources": [
                  "arn:aws:ec2:*:*:snapshot/*",
                  "arn:aws:ec2:*:*:volume/*"
                ],
                "sid": "Storage"
              },
              {
                "actions": [
                  "ec2:CreateNetworkInterface"
                ],
                "condition": [
                  {
                    "test": "StringEquals",
                    "values": [
                      "${aws:PrincipalTag/eks:eks-cluster-name}"
                    ],
                    "variable": "aws:RequestTag/eks:eks-cluster-name"
                  },
                  {
                    "test": "StringEquals",
                    "values": [
                      "*"
                    ],
                    "variable": "aws:RequestTag/eks:kubernetes-cni-node-name"
                  }
                ],
                "effect": "Allow",
                "not_actions": [],
                "not_principals": [],
                "not_resources": [],
                "principals": [],
                "resources": [
                  "*"
                ],
                "sid": "Networking"
              },
              {
                "actions": [
                  "ec2:CreateSecurityGroup",
                  "elasticloadbalancing:CreateListener",
                  "elasticloadbalancing:CreateLoadBalancer",
                  "elasticloadbalancing:CreateRule",
                  "elasticloadbalancing:CreateTargetGroup"
                ],
                "condition": [
                  {
                    "test": "StringEquals",
                    "values": [
                      "${aws:PrincipalTag/eks:eks-cluster-name}"
                    ],
                    "variable": "aws:RequestTag/eks:eks-cluster-name"
                  }
                ],
                "effect": "Allow",
                "not_actions": [],
                "not_principals": [],
                "not_resources": [],
                "principals": [],
                "resources": [
                  "*"
                ],
                "sid": "LoadBalancer"
              },
              {
                "actions": [
                  "shield:CreateProtection"
                ],
                "condition": [
                  {
                    "test": "StringEquals",
                    "values": [
                      "${aws:PrincipalTag/eks:eks-cluster-name}"
                    ],
                    "variable": "aws:RequestTag/eks:eks-cluster-name"
                  }
                ],
                "effect": "Allow",
                "not_actions": [],
                "not_principals": [],
                "not_resources": [],
                "principals": [],
                "resources": [
                  "*"
                ],
                "sid": "ShieldProtection"
              },
              {
                "actions": [
                  "shield:TagResource"
                ],
                "condition": [
                  {
                    "test": "StringEquals",
                    "values": [
                      "${aws:PrincipalTag/eks:eks-cluster-name}"
                    ],
                    "variable": "aws:RequestTag/eks:eks-cluster-name"
                  }
                ],
                "effect": "Allow",
                "not_actions": [],
                "not_principals": [],
                "not_resources": [],
                "principals": [],
                "resources": [
                  "arn:aws:shield::*:protection/*"
                ],
                "sid": "ShieldTagResource"
              }
            ],
            "version": "2012-10-17"
          },
          "sensitive_attributes": []
        }
      ]
    },
    {
      "module": "module.eks",
      "mode": "data",
      "type": "aws_iam_policy_document",
      "name": "node_assume_role_policy",
      "provider": "provider[\"registry.terraform.io/hashicorp/aws\"]",
      "instances": [
        {
          "index_key": 0,
          "schema_version": 0,
          "attributes": {
            "id": "3518401652",
            "json": "{\n  \"Version\": \"2012-10-17\",\n  \"Statement\": [\n    {\n      \"Sid\": \"EKSAutoNodeAssumeRole\",\n      \"Effect\": \"Allow\",\n      \"Action\": [\n        \"sts:TagSession\",\n        \"sts:AssumeRole\"\n      ],\n      \"Principal\": {\n        \"Service\": \"ec2.amazonaws.com\"\n      }\n    }\n  ]\n}",
            "minified_json": "{\"Version\":\"2012-10-17\",\"Statement\":[{\"Sid\":\"EKSAutoNodeAssumeRole\",\"Effect\":\"Allow\",\"Action\":[\"sts:TagSession\",\"sts:AssumeRole\"],\"Principal\":{\"Service\":\"ec2.amazonaws.com\"}}]}",
            "override_json": null,
            "override_policy_documents": null,
            "policy_id": null,
            "source_json": null,
            "source_policy_documents": null,
            "statement": [
              {
                "actions": [
                  "sts:AssumeRole",
                  "sts:TagSession"
                ],
                "condition": [],
                "effect": "Allow",
                "not_actions": [],
                "not_principals": [],
                "not_resources": [],
                "principals": [
                  {
                    "identifiers": [
                      "ec2.amazonaws.com"
                    ],
                    "type": "Service"
                  }
                ],
                "resources": [],
                "sid": "EKSAutoNodeAssumeRole"
              }
            ],
            "version": "2012-10-17"
          },
          "sensitive_attributes": []
        }
      ]
    },
    {
      "module": "module.eks",
      "mode": "data",
      "type": "aws_iam_session_context",
      "name": "current",
      "provider": "provider[\"registry.terraform.io/hashicorp/aws\"]",
      "instances": [
        {
          "index_key": 0,
          "schema_version": 0,
          "attributes": {
            "arn": "arn:aws:sts::844333597536:assumed-role/AWSReservedSSO_AWSAdministratorAccess_d270afaa03aa789f/jim@nirmata.com",
            "id": "arn:aws:sts::844333597536:assumed-role/AWSReservedSSO_AWSAdministratorAccess_d270afaa03aa789f/jim@nirmata.com",
            "issuer_arn": "arn:aws:iam::844333597536:role/aws-reserved/sso.amazonaws.com/us-east-2/AWSReservedSSO_AWSAdministratorAccess_d270afaa03aa789f",
            "issuer_id": "AROA4JFRUINQPJLRF3ZGH",
            "issuer_name": "AWSReservedSSO_AWSAdministratorAccess_d270afaa03aa789f",
            "session_name": "jim@nirmata.com"
          },
          "sensitive_attributes": []
        }
      ]
    },
    {
      "module": "module.eks",
      "mode": "data",
      "type": "aws_partition",
      "name": "current",
      "provider": "provider[\"registry.terraform.io/hashicorp/aws\"]",
      "instances": [
        {
          "index_key": 0,
          "schema_version": 0,
          "attributes": {
            "dns_suffix": "amazonaws.com",
            "id": "aws",
            "partition": "aws",
            "reverse_dns_prefix": "com.amazonaws"
          },
          "sensitive_attributes": []
        }
      ]
    },
    {
      "module": "module.eks",
      "mode": "data",
      "type": "tls_certificate",
      "name": "this",
      "provider": "provider[\"registry.terraform.io/hashicorp/tls\"]",
      "instances": [
        {
          "index_key": 0,
          "schema_version": 0,
          "attributes": {
            "certificates": [
              {
                "cert_pem": "-----BEGIN CERTIFICATE-----\nMIIEdTCCA12gAwIBAgIJAKcOSkw0grd/MA0GCSqGSIb3DQEBCwUAMGgxCzAJBgNV\nBAYTAlVTMSUwIwYDVQQKExxTdGFyZmllbGQgVGVjaG5vbG9naWVzLCBJbmMuMTIw\nMAYDVQQLEylTdGFyZmllbGQgQ2xhc3MgMiBDZXJ0aWZpY2F0aW9uIEF1dGhvcml0\neTAeFw0wOTA5MDIwMDAwMDBaFw0zNDA2MjgxNzM5MTZaMIGYMQswCQYDVQQGEwJV\nUzEQMA4GA1UECBMHQXJpem9uYTETMBEGA1UEBxMKU2NvdHRzZGFsZTElMCMGA1UE\nChMcU3RhcmZpZWxkIFRlY2hub2xvZ2llcywgSW5jLjE7MDkGA1UEAxMyU3RhcmZp\nZWxkIFNlcnZpY2VzIFJvb3QgQ2VydGlmaWNhdGUgQXV0aG9yaXR5IC0gRzIwggEi\nMA0GCSqGSIb3DQEBAQUAA4IBDwAwggEKAoIBAQDVDDrEKvlO4vW+GZdfjohTsR8/\ny8+fIBNtKTrID30892t2OGPZNmCom15cAICyL1l/9of5JUOG52kbUpqQ4XHj2C0N\nTm/2yEnZtvMaVq4rtnQU68/7JuMauh2WLmo7WJSJR1b/JaCTcFOD2oR0FMNnngRo\nOt+OQFodSk7PQ5E751bWAHDLUu57fa4657wx+UX2wmDPE1kCK4DMNEffud6QZW0C\nzyyRpqbn3oUYSXxmTqM6bam17jQuug0DuDPfR+uxa40l2ZvOgdFFRjKWcIfeAg5J\nQ4W2bHO7ZOphQazJ1FTfhy/HIrImzJ9ZVGif/L4qL8RVHHVAYBeFAlU5i38FAgMB\nAAGjgfAwge0wDwYDVR0TAQH/BAUwAwEB/zAOBgNVHQ8BAf8EBAMCAYYwHQYDVR0O\nBBYEFJxfAN+qAdcwKziIorhtSpzyEZGDMB8GA1UdIwQYMBaAFL9ft9HO3R+G9FtV\nrNzXEMIOqYjnME8GCCsGAQUFBwEBBEMwQTAcBggrBgEFBQcwAYYQaHR0cDovL28u\nc3MyLnVzLzAhBggrBgEFBQcwAoYVaHR0cDovL3guc3MyLnVzL3guY2VyMCYGA1Ud\nHwQfMB0wG6AZoBeGFWh0dHA6Ly9zLnNzMi51cy9yLmNybDARBgNVHSAECjAIMAYG\nBFUdIAAwDQYJKoZIhvcNAQELBQADggEBACMd44pXyn3pF3lM8R5V/cxTbj5HD9/G\nVfKyBDbtgB9TxF00KGu+x1X8Z+rLP3+QsjPNG1gQggL4+C/1E2DUBc7xgQjB3ad1\nl08YuW3e95ORCLp+QCztweq7dp4zBncdDQh/U90bZKuCJ/Fp1U1ervShw3WnWEQt\n8jxwmKy6abaVd38PMV4s/KCHOkdp8Hlf9BRUpJVeEXgSYCfOn8J3/yNTd126/+pZ\n59vPr5KW7ySaNRB6nJHGDn2Z9j8Z3/VyVOEVqQdZe4O/Ui5GjLIAZHYcSNPYeehu\nVsyuLAOQ1xk4meTKCRlb/weWsKh/NEnfVqn3sF/tM+2MR7cwA130A4w=\n-----END CERTIFICATE-----\n",
                "is_ca": true,
                "issuer": "OU=Starfield Class 2 Certification Authority,O=Starfield Technologies\\, Inc.,C=US",
                "not_after": "2034-06-28T17:39:16Z",
                "not_before": "2009-09-02T00:00:00Z",
                "public_key_algorithm": "RSA",
                "serial_number": "12037640545166866303",
                "sha1_fingerprint": "9e99a48a9960b14926bb7f3b02e22da2b0ab7280",
                "signature_algorithm": "SHA256-RSA",
                "subject": "CN=Starfield Services Root Certificate Authority - G2,O=Starfield Technologies\\, Inc.,L=Scottsdale,ST=Arizona,C=US",
                "version": 3
              },
              {
                "cert_pem": "-----BEGIN CERTIFICATE-----\nMIIEkjCCA3qgAwIBAgITBn+USionzfP6wq4rAfkI7rnExjANBgkqhkiG9w0BAQsF\nADCBmDELMAkGA1UEBhMCVVMxEDAOBgNVBAgTB0FyaXpvbmExEzARBgNVBAcTClNj\nb3R0c2RhbGUxJTAjBgNVBAoTHFN0YXJmaWVsZCBUZWNobm9sb2dpZXMsIEluYy4x\nOzA5BgNVBAMTMlN0YXJmaWVsZCBTZXJ2aWNlcyBSb290IENlcnRpZmljYXRlIEF1\ndGhvcml0eSAtIEcyMB4XDTE1MDUyNTEyMDAwMFoXDTM3MTIzMTAxMDAwMFowOTEL\nMAkGA1UEBhMCVVMxDzANBgNVBAoTBkFtYXpvbjEZMBcGA1UEAxMQQW1hem9uIFJv\nb3QgQ0EgMTCCASIwDQYJKoZIhvcNAQEBBQADggEPADCCAQoCggEBALJ4gHHKeNXj\nca9HgFB0fW7Y14h29Jlo91ghYPl0hAEvrAIthtOgQ3pOsqTQNroBvo3bSMgHFzZM\n9O6II8c+6zf1tRn4SWiw3te5djgdYZ6k/oI2peVKVuRF4fn9tBb6dNqcmzU5L/qw\nIFAGbHrQgLKm+a/sRxmPUDgH3KKHOVj4utWp+UhnMJbulHheb4mjUcAwhmahRWa6\nVOujw5H5SNz/0egwLX0tdHA114gk957EWW67c4cX8jJGKLhD+rcdqsq08p8kDi1L\n93FcXmn/6pUCyziKrlA4b9v7LWIbxcceVOF34GfID5yHI9Y/QCB/IIDEgEw+OyQm\njgSubJrIqg0CAwEAAaOCATEwggEtMA8GA1UdEwEB/wQFMAMBAf8wDgYDVR0PAQH/\nBAQDAgGGMB0GA1UdDgQWBBSEGMyFNOy8DJSULghZnMeyEE4KCDAfBgNVHSMEGDAW\ngBScXwDfqgHXMCs4iKK4bUqc8hGRgzB4BggrBgEFBQcBAQRsMGowLgYIKwYBBQUH\nMAGGImh0dHA6Ly9vY3NwLnJvb3RnMi5hbWF6b250cnVzdC5jb20wOAYIKwYBBQUH\nMAKGLGh0dHA6Ly9jcnQucm9vdGcyLmFtYXpvbnRydXN0LmNvbS9yb290ZzIuY2Vy\nMD0GA1UdHwQ2MDQwMqAwoC6GLGh0dHA6Ly9jcmwucm9vdGcyLmFtYXpvbnRydXN0\nLmNvbS9yb290ZzIuY3JsMBEGA1UdIAQKMAgwBgYEVR0gADANBgkqhkiG9w0BAQsF\nAAOCAQEAYjdCXLwQtT6LLOkMm2xF4gcAevnFWAu5CIw+7bMlPLVvUOTNNWqnkzSW\nMiGpSESrnO09tKpzbeR/FoCJbM8oAxiDR3mjEH4wW6w7sGDgd9QIpuEdfF7Au/ma\neyKdpwAJfqxGF4PcnCZXmTA5YpaP7dreqsXMGz7KQ2hsVxa81Q4gLv7/wmpdLqBK\nbRRYh5TmOTFffHPLkIhqhBGWJ6bt2YFGpn6jcgAKUj6DiAdjd4lpFw85hdKrCEVN\n0FE6/V1dN2RMfjCyVSRCnTawXZwXgWHxyvkQAiSr6w10kY17RSlQOYiypok1JR4U\nakcjMS9cmvqtmg5iUaQqqcT5NJ0hGA==\n-----END CERTIFICATE-----\n",
                "is_ca": true,
                "issuer": "CN=Starfield Services Root Certificate Authority - G2,O=Starfield Technologies\\, Inc.,L=Scottsdale,ST=Arizona,C=US",
                "not_after": "2037-12-31T01:00:00Z",
                "not_before": "2015-05-25T12:00:00Z",
                "public_key_algorithm": "RSA",
                "serial_number": "144918191876577076464031512351042010504348870",
                "sha1_fingerprint": "06b25927c42a721631c1efd9431e648fa62e1e39",
                "signature_algorithm": "SHA256-RSA",
                "subject": "CN=Amazon Root CA 1,O=Amazon,C=US",
                "version": 3
              },
              {
                "cert_pem": "-----BEGIN CERTIFICATE-----\nMIIEXjCCA0agAwIBAgITB3MSTNQG0mfAmRzdKZqfODF5hTANBgkqhkiG9w0BAQsF\nADA5MQswCQYDVQQGEwJVUzEPMA0GA1UEChMGQW1hem9uMRkwFwYDVQQDExBBbWF6\nb24gUm9vdCBDQSAxMB4XDTIyMDgyMzIyMjYwNFoXDTMwMDgyMzIyMjYwNFowPDEL\nMAkGA1UEBhMCVVMxDzANBgNVBAoTBkFtYXpvbjEcMBoGA1UEAxMTQW1hem9uIFJT\nQSAyMDQ4IE0wMzCCASIwDQYJKoZIhvcNAQEBBQADggEPADCCAQoCggEBALd/pVko\n8vuM475Tf45HV3BbCl/B9Jy89G1CRkFjcPY06WA9lS+7dWbUA7GtWUKoksr69hKM\nwcMsNpxlw7b3jeXFgxB09/nmalcAWtnLzF+LaDKEA5DQmvKzuh1nfIfqEiKCQSmX\nXh09Xs+dO7cm5qbaL2hhNJCSAejciwcvOFgFNgEMR42wm6KIFHsQW28jhA+1u/M0\np6fVwReuEgZfLfdx82Px0LJck3lST3EB/JfbdsdOzzzg5YkY1dfuqf8y5fUeZ7Cz\nWXbTjujwX/TovmeWKA36VLCz75azW6tDNuDn66FOpADZZ9omVaF6BqNJiLMVl6P3\n/c0OiUMC6Z5OfKcCAwEAAaOCAVowggFWMBIGA1UdEwEB/wQIMAYBAf8CAQAwDgYD\nVR0PAQH/BAQDAgGGMB0GA1UdJQQWMBQGCCsGAQUFBwMBBggrBgEFBQcDAjAdBgNV\nHQ4EFgQUVdkYX9IczAHhWLS+q9lVQgHXLgIwHwYDVR0jBBgwFoAUhBjMhTTsvAyU\nlC4IWZzHshBOCggwewYIKwYBBQUHAQEEbzBtMC8GCCsGAQUFBzABhiNodHRwOi8v\nb2NzcC5yb290Y2ExLmFtYXpvbnRydXN0LmNvbTA6BggrBgEFBQcwAoYuaHR0cDov\nL2NydC5yb290Y2ExLmFtYXpvbnRydXN0LmNvbS9yb290Y2ExLmNlcjA/BgNVHR8E\nODA2MDSgMqAwhi5odHRwOi8vY3JsLnJvb3RjYTEuYW1hem9udHJ1c3QuY29tL3Jv\nb3RjYTEuY3JsMBMGA1UdIAQMMAowCAYGZ4EMAQIBMA0GCSqGSIb3DQEBCwUAA4IB\nAQAGjeWm2cC+3z2MzSCnte46/7JZvj3iQZDY7EvODNdZF41n71Lrk9kbfNwerK0d\nVNzW36Wefr7j7ZSwBVg50W5ay65jNSN74TTQV1yt4WnSbVvN6KlMs1hiyOZdoHKs\nKDV2UGNxbdoBYCQNa2GYF8FQIWLugNp35aSOpMy6cFlymFQomIrnOQHwK1nvVY4q\nxDSJMU/gNJz17D8ArPN3ngnyZ2TwepJ0uBINz3G5te2rdFUF4i4Y3Bb7FUlHDYm4\nu8aIRGpk2ZpfXmxaoxnbIBZRvGLPSUuPwnwoUOMsJ8jirI5vs2dvchPb7MtI1rle\ni02f2ivH2vxkjDLltSpe2fiC\n-----END CERTIFICATE-----\n",
                "is_ca": true,
                "issuer": "CN=Amazon Root CA 1,O=Amazon,C=US",
                "not_after": "2030-08-23T22:26:04Z",
                "not_before": "2022-08-23T22:26:04Z",
                "public_key_algorithm": "RSA",
                "serial_number": "166129356476704345391986644047206454194698629",
                "sha1_fingerprint": "d9fe0a65fa00cabf61f5120d373a8135e1461f15",
                "signature_algorithm": "SHA256-RSA",
                "subject": "CN=Amazon RSA 2048 M03,O=Amazon,C=US",
                "version": 3
              },
              {
                "cert_pem": "-----BEGIN CERTIFICATE-----\nMIIF6DCCBNCgAwIBAgIQBv66XyqnBqR8D/sF0JzzHTANBgkqhkiG9w0BAQsFADA8\nMQswCQYDVQQGEwJVUzEPMA0GA1UEChMGQW1hem9uMRwwGgYDVQQDExNBbWF6b24g\nUlNBIDIwNDggTTAzMB4XDTI1MDMwMjAwMDAwMFoXDTI2MDQwMTIzNTk1OVowKDEm\nMCQGA1UEAwwdKi5la3MudXMtd2VzdC0yLmFtYXpvbmF3cy5jb20wggEiMA0GCSqG\nSIb3DQEBAQUAA4IBDwAwggEKAoIBAQCfvO2Esh0vzmZxCPzfNlHCnH1745SQp00q\nPlS7O+PscmHxnzVa5VLmMZ609FV22Nf1DwEhfo/cxRLiCA3BHxPoAAbE8j5zhoLp\nEn8/GEDYaz0iFBGoLD+oXN7JUW3jpyvq2e60lg0V6aDo9r/nkiVryZ2pv0HpD+UT\nTUhK0dnrBNEVdc6r8wh9bec5PXcDpbyTqgcOVzqe0DvGHLf2GfFUHgekPXkA9g/s\nOs3i7q6eszZj2Lj6JLlJRgptVIgZRcTdroNlbOVIUri4N0O2VRM9N5IWg8oTgc8n\njDRlwzOddWceiFIaaaKLcGlClTpwv+GmLYsWi9/Ut4iJvykMu+aNAgMBAAGjggL4\nMIIC9DAfBgNVHSMEGDAWgBRV2Rhf0hzMAeFYtL6r2VVCAdcuAjAdBgNVHQ4EFgQU\nAChHNssPUZLuggbNPwBJrrWOY0owKAYDVR0RBCEwH4IdKi5la3MudXMtd2VzdC0y\nLmFtYXpvbmF3cy5jb20wEwYDVR0gBAwwCjAIBgZngQwBAgEwDgYDVR0PAQH/BAQD\nAgWgMB0GA1UdJQQWMBQGCCsGAQUFBwMBBggrBgEFBQcDAjA7BgNVHR8ENDAyMDCg\nLqAshipodHRwOi8vY3JsLnIybTAzLmFtYXpvbnRydXN0LmNvbS9yMm0wMy5jcmww\ndQYIKwYBBQUHAQEEaTBnMC0GCCsGAQUFBzABhiFodHRwOi8vb2NzcC5yMm0wMy5h\nbWF6b250cnVzdC5jb20wNgYIKwYBBQUHMAKGKmh0dHA6Ly9jcnQucjJtMDMuYW1h\nem9udHJ1c3QuY29tL3IybTAzLmNlcjAMBgNVHRMBAf8EAjAAMIIBgAYKKwYBBAHW\neQIEAgSCAXAEggFsAWoAdwAOV5S8866pPjMbLJkHs/eQ35vCPXEyJd0hqSWsYcVO\nIQAAAZVUXKmmAAAEAwBIMEYCIQCFd4Z7oyEJQmbZikEocI2h9QFRDFNeqe36ETZt\nN6cYPAIhAJrwPV50ncMOzvBJwbpDlqTg77x523TVW1NtwEa052diAHcAZBHEbKQS\n7KeJHKICLgC8q08oB9QeNSer6v7VA8l9zfAAAAGVVFyp6AAABAMASDBGAiEA92Vs\nqLJxjsOxnQoEdCqQlS8MXH33CkII5kZkIyVXO90CIQDQLcVutogxZJXL9gDq3vYt\nvLEeApjx3/jaa80h8IEFOgB2AEmcm2neHXzs/DbezYdkprhbrwqHgBnRVVL76esp\n3fjDAAABlVRcqfQAAAQDAEcwRQIhAKxL9D1igVrXlrEoahU5MCINMqujvaiFDF8N\nW+VEtEENAiAnHaF+ws06pp3W4X13bY5rWNNueoGkTZEIJaMdpqB2sjANBgkqhkiG\n9w0BAQsFAAOCAQEAA/rMiAebzGQ8pDU9DFsMFREV77bzVJLMZy/avsl+dyvkom+T\nYyBfPZ/a82AoN0y6jM3v6RsMq26Lp0ZiFJ3/4Vddfx/EXv288/ztKt2VP8NeuWim\nM/YClUrkbu5Nx/q2JeIryhkcWqlDQMPFtd5OVfbC7qIWWLlDpKdBzmlheeTqQF3Y\ntShfHyhslseAqBt6hMAt6+F/NSpmUspR7VZN++X0C344SoASYKsrZ94yPaWTtIah\n2hgki3nkJCP/B7zSYOjcecbk8VB3gAl57ZSQMGSHY9Dqaq5ThfQl2Co0ODsV0dqW\nXH0SYy4Tq414jDnyLFru2M+pcH28OIDkH+mKaw==\n-----END CERTIFICATE-----\n",
                "is_ca": false,
                "issuer": "CN=Amazon RSA 2048 M03,O=Amazon,C=US",
                "not_after": "2026-04-01T23:59:59Z",
                "not_before": "2025-03-02T00:00:00Z",
                "public_key_algorithm": "RSA",
                "serial_number": "9297991444839351913657215057320014621",
                "sha1_fingerprint": "567dc0929bef44b0cd9d0d9abadfb33ea85a536c",
                "signature_algorithm": "SHA256-RSA",
                "subject": "CN=*.eks.us-west-2.amazonaws.com",
                "version": 3
              }
            ],
            "content": null,
            "id": "213644035344c59e44dd4b37f3e17ae888eed9e0",
            "url": "https://oidc.eks.us-west-2.amazonaws.com/id/5C35175CFD8A064210D2CCA8D2A9F061",
            "verify_chain": true
          },
          "sensitive_attributes": []
        }
      ]
    },
    {
      "module": "module.eks",
      "mode": "managed",
      "type": "aws_cloudwatch_log_group",
      "name": "this",
      "provider": "provider[\"registry.terraform.io/hashicorp/aws\"]",
      "instances": [
        {
          "index_key": 0,
          "schema_version": 0,
          "attributes": {
            "arn": "arn:aws:logs:us-west-2:844333597536:log-group:/aws/eks/automode-cluster/cluster",
            "id": "/aws/eks/automode-cluster/cluster",
            "kms_key_id": "",
            "log_group_class": "STANDARD",
            "name": "/aws/eks/automode-cluster/cluster",
            "name_prefix": "",
            "retention_in_days": 90,
            "skip_destroy": false,
            "tags": {
              "Blueprint": "automode-cluster",
              "Name": "/aws/eks/automode-cluster/cluster"
            },
            "tags_all": {
              "Blueprint": "automode-cluster",
              "Name": "/aws/eks/automode-cluster/cluster"
            }
          },
          "sensitive_attributes": [],
          "private": "bnVsbA==",
          "create_before_destroy": true
        }
      ]
    },
    {
      "module": "module.eks",
      "mode": "managed",
      "type": "aws_ec2_tag",
      "name": "cluster_primary_security_group",
      "provider": "provider[\"registry.terraform.io/hashicorp/aws\"]",
      "instances": [
        {
          "index_key": "Blueprint",
          "schema_version": 0,
          "attributes": {
            "id": "sg-0009f8b52f59e7cc2,Blueprint",
            "key": "Blueprint",
            "resource_id": "sg-0009f8b52f59e7cc2",
            "value": "automode-cluster"
          },
          "sensitive_attributes": [],
          "private": "bnVsbA==",
          "dependencies": [
            "module.eks.aws_cloudwatch_log_group.this",
            "module.eks.aws_eks_cluster.this",
            "module.eks.aws_iam_policy.cni_ipv6_policy",
            "module.eks.aws_iam_role.eks_auto",
            "module.eks.aws_iam_role.this",
            "module.eks.aws_iam_role_policy_attachment.this",
            "module.eks.aws_security_group.cluster",
            "module.eks.aws_security_group.node",
            "module.eks.aws_security_group_rule.cluster",
            "module.eks.aws_security_group_rule.node",
            "module.eks.data.aws_caller_identity.current",
            "module.eks.data.aws_iam_policy_document.assume_role_policy",
            "module.eks.data.aws_iam_policy_document.cni_ipv6_policy",
            "module.eks.data.aws_iam_policy_document.node_assume_role_policy",
            "module.eks.data.aws_iam_session_context.current",
            "module.eks.data.aws_partition.current",
            "module.eks.module.kms.aws_kms_external_key.this",
            "module.eks.module.kms.aws_kms_key.this",
            "module.eks.module.kms.aws_kms_replica_external_key.this",
            "module.eks.module.kms.aws_kms_replica_key.this",
            "module.eks.module.kms.data.aws_caller_identity.current",
            "module.eks.module.kms.data.aws_iam_policy_document.this",
            "module.eks.module.kms.data.aws_partition.current"
          ]
        }
      ]
    },
    {
      "module": "module.eks",
      "mode": "managed",
      "type": "aws_eks_access_entry",
      "name": "this",
      "provider": "provider[\"registry.terraform.io/hashicorp/aws\"]",
      "instances": [
        {
          "index_key": "cluster_creator",
          "schema_version": 0,
          "attributes": {
            "access_entry_arn": "arn:aws:eks:us-west-2:844333597536:access-entry/automode-cluster/role/844333597536/AWSReservedSSO_AWSAdministratorAccess_d270afaa03aa789f/b6cb8518-88b6-c189-40c8-a945ff58c900",
            "cluster_name": "automode-cluster",
            "created_at": "2025-05-26T01:24:37Z",
            "id": "automode-cluster:arn:aws:iam::844333597536:role/aws-reserved/sso.amazonaws.com/us-east-2/AWSReservedSSO_AWSAdministratorAccess_d270afaa03aa789f",
            "kubernetes_groups": [],
            "modified_at": "2025-05-26T01:24:37Z",
            "principal_arn": "arn:aws:iam::844333597536:role/aws-reserved/sso.amazonaws.com/us-east-2/AWSReservedSSO_AWSAdministratorAccess_d270afaa03aa789f",
            "tags": {
              "Blueprint": "automode-cluster"
            },
            "tags_all": {
              "Blueprint": "automode-cluster"
            },
            "timeouts": null,
            "type": "STANDARD",
            "user_name": "arn:aws:sts::844333597536:assumed-role/AWSReservedSSO_AWSAdministratorAccess_d270afaa03aa789f/{{SessionName}}"
          },
          "sensitive_attributes": [],
          "private": "eyJlMmJmYjczMC1lY2FhLTExZTYtOGY4OC0zNDM2M2JjN2M0YzAiOnsiY3JlYXRlIjo2MDAwMDAwMDAwMDAsImRlbGV0ZSI6NjAwMDAwMDAwMDAwfX0=",
          "dependencies": [
            "module.eks.aws_cloudwatch_log_group.this",
            "module.eks.aws_eks_cluster.this",
            "module.eks.aws_iam_policy.cni_ipv6_policy",
            "module.eks.aws_iam_role.eks_auto",
            "module.eks.aws_iam_role.this",
            "module.eks.aws_iam_role_policy_attachment.this",
            "module.eks.aws_security_group.cluster",
            "module.eks.aws_security_group.node",
            "module.eks.aws_security_group_rule.cluster",
            "module.eks.aws_security_group_rule.node",
            "module.eks.data.aws_caller_identity.current",
            "module.eks.data.aws_iam_policy_document.assume_role_policy",
            "module.eks.data.aws_iam_policy_document.cni_ipv6_policy",
            "module.eks.data.aws_iam_policy_document.node_assume_role_policy",
            "module.eks.data.aws_iam_session_context.current",
            "module.eks.data.aws_partition.current",
            "module.eks.module.kms.aws_kms_external_key.this",
            "module.eks.module.kms.aws_kms_key.this",
            "module.eks.module.kms.aws_kms_replica_external_key.this",
            "module.eks.module.kms.aws_kms_replica_key.this",
            "module.eks.module.kms.data.aws_caller_identity.current",
            "module.eks.module.kms.data.aws_iam_policy_document.this",
            "module.eks.module.kms.data.aws_partition.current"
          ]
        }
      ]
    },
    {
      "module": "module.eks",
      "mode": "managed",
      "type": "aws_eks_access_policy_association",
      "name": "this",
      "provider": "provider[\"registry.terraform.io/hashicorp/aws\"]",
      "instances": [
        {
          "index_key": "cluster_creator_admin",
          "schema_version": 0,
          "attributes": {
            "access_scope": [
              {
                "namespaces": [],
                "type": "cluster"
              }
            ],
            "associated_at": "2025-05-26 01:24:38.177 +0000 UTC",
            "cluster_name": "automode-cluster",
            "id": "automode-cluster#arn:aws:iam::844333597536:role/aws-reserved/sso.amazonaws.com/us-east-2/AWSReservedSSO_AWSAdministratorAccess_d270afaa03aa789f#arn:aws:eks::aws:cluster-access-policy/AmazonEKSClusterAdminPolicy",
            "modified_at": "2025-05-26 01:24:38.177 +0000 UTC",
            "policy_arn": "arn:aws:eks::aws:cluster-access-policy/AmazonEKSClusterAdminPolicy",
            "principal_arn": "arn:aws:iam::844333597536:role/aws-reserved/sso.amazonaws.com/us-east-2/AWSReservedSSO_AWSAdministratorAccess_d270afaa03aa789f",
            "timeouts": null
          },
          "sensitive_attributes": [],
          "private": "eyJlMmJmYjczMC1lY2FhLTExZTYtOGY4OC0zNDM2M2JjN2M0YzAiOnsiY3JlYXRlIjo2MDAwMDAwMDAwMDAsImRlbGV0ZSI6NjAwMDAwMDAwMDAwfX0=",
          "dependencies": [
            "module.eks.aws_cloudwatch_log_group.this",
            "module.eks.aws_eks_access_entry.this",
            "module.eks.aws_eks_cluster.this",
            "module.eks.aws_iam_policy.cni_ipv6_policy",
            "module.eks.aws_iam_role.eks_auto",
            "module.eks.aws_iam_role.this",
            "module.eks.aws_iam_role_policy_attachment.this",
            "module.eks.aws_security_group.cluster",
            "module.eks.aws_security_group.node",
            "module.eks.aws_security_group_rule.cluster",
            "module.eks.aws_security_group_rule.node",
            "module.eks.data.aws_caller_identity.current",
            "module.eks.data.aws_iam_policy_document.assume_role_policy",
            "module.eks.data.aws_iam_policy_document.cni_ipv6_policy",
            "module.eks.data.aws_iam_policy_document.node_assume_role_policy",
            "module.eks.data.aws_iam_session_context.current",
            "module.eks.data.aws_partition.current",
            "module.eks.module.kms.aws_kms_external_key.this",
            "module.eks.module.kms.aws_kms_key.this",
            "module.eks.module.kms.aws_kms_replica_external_key.this",
            "module.eks.module.kms.aws_kms_replica_key.this",
            "module.eks.module.kms.data.aws_caller_identity.current",
            "module.eks.module.kms.data.aws_iam_policy_document.this",
            "module.eks.module.kms.data.aws_partition.current"
          ]
        }
      ]
    },
    {
      "module": "module.eks",
      "mode": "managed",
      "type": "aws_eks_cluster",
      "name": "this",
      "provider": "provider[\"registry.terraform.io/hashicorp/aws\"]",
      "instances": [
        {
          "index_key": 0,
          "schema_version": 1,
          "attributes": {
            "access_config": [
              {
                "authentication_mode": "API_AND_CONFIG_MAP",
                "bootstrap_cluster_creator_admin_permissions": false
              }
            ],
            "arn": "arn:aws:eks:us-west-2:844333597536:cluster/automode-cluster",
            "bootstrap_self_managed_addons": false,
            "certificate_authority": [
              {
                "data": "LS0tLS1CRUdJTiBDRVJUSUZJQ0FURS0tLS0tCk1JSURCVENDQWUyZ0F3SUJBZ0lJUWJoTHZhTCs3bjB3RFFZSktvWklodmNOQVFFTEJRQXdGVEVUTUJFR0ExVUUKQXhNS2EzVmlaWEp1WlhSbGN6QWVGdzB5TlRBMU1qWXdNVEV6TURSYUZ3MHpOVEExTWpRd01URTRNRFJhTUJVeApFekFSQmdOVkJBTVRDbXQxWW1WeWJtVjBaWE13Z2dFaU1BMEdDU3FHU0liM0RRRUJBUVVBQTRJQkR3QXdnZ0VLCkFvSUJBUUNyWHlmTlV1QXo5N2p6RUFuTVFRSzJPNUxHdnd0anFiSHJxRDlUTmpDM3FCR1FwMTNNSXFma1pwZk8Kb3VPekxieHdjWkRuYlBPNEdTd1l0amlEVTdLcmhvNjNxcVZGVlZRQmQycWJGLzgyK3RjeUdvYmpldkxnUk9aawpXcjkzdlozOUV0RFp5T1pickdKQkdCa015REl0T2F3K01nZFJ1Q3VJbEVzY3lrV3Bsb2l2cGZQQkp4Q2tod0V1CkFTN3Ywd1ZtdVZUOHgwbVdqQ0ttV2VrVmJGQ1NLNmRKT1JGZlhBL1d2RHFTb1ZBdWtVYWZJM2JKUGFzNnE4SU0KMkIwcFdMZytFeDdjR3d2cFc3SkoxWGFUdUhRRU1JWWwwUXoxbWZyOXNNM1pQcFRmK0dXTStxa0cvK2FacmRoSgpFL3YwTG8wMFR0Uzl6VUE0VS93dy9obXJlekIzQWdNQkFBR2pXVEJYTUE0R0ExVWREd0VCL3dRRUF3SUNwREFQCkJnTlZIUk1CQWY4RUJUQURBUUgvTUIwR0ExVWREZ1FXQkJTeHN5QmtseStXdDVrTkN2L0ZxZHlUM3NLNVRUQVYKQmdOVkhSRUVEakFNZ2dwcmRXSmxjbTVsZEdWek1BMEdDU3FHU0liM0RRRUJDd1VBQTRJQkFRQTNSMldrZUNwOApsK2dEeTRUaFlKYktneUNhb3FnamFxeWsxN0hBSGZkTEZHcWZTdi82NWxLQXMySUxOZlBxQkJPOXUwOGNCSmRsCmZHcnNnL3o2Qi9QdUR1Rmp2dWRxbFR1L1lJdGFNaUxmVitja0tPR2tzNGZvY0NESVpKZGhOMzRwRWg4UDdpNmkKN0RQNFdOZEh6dFRtRFdvTEtCZUs1QjBqZnpWNGQvbDljdHgxWUtKbDJHUytUa3k4T3lWeDlKSnlWbnZBQkRRawpIS3F3RHVzY3MvUzVIZjhGUExmekNRdEppYVdIZTRoMVlXRXY2aHN1N2UyT1BEOU1OaHRHdzlVd2MzTkZXM2kxCjd1VEdNM0RxSTlHRjdPdmhRNGU4VzJuMm0vT3hISWcvYVlJc3NuVGFOMWZZaFFhMk5raVppMXkrS0ZuTThMZmgKUXdoODREQm8rdmg0Ci0tLS0tRU5EIENFUlRJRklDQVRFLS0tLS0K"
              }
            ],
            "cluster_id": null,
            "compute_config": [
              {
                "enabled": true,
                "node_pools": [
                  "general-purpose",
                  "system"
                ],
                "node_role_arn": "arn:aws:iam::844333597536:role/automode-cluster-eks-auto-20250526011258137100000004"
              }
            ],
            "created_at": "2025-05-26T01:13:22Z",
            "enabled_cluster_log_types": [
              "api",
              "audit",
              "authenticator"
            ],
            "encryption_config": [
              {
                "provider": [
                  {
                    "key_arn": "arn:aws:kms:us-west-2:844333597536:key/83cea6e7-e2f8-4f8c-978b-fcbc7a67faf2"
                  }
                ],
                "resources": [
                  "secrets"
                ]
              }
            ],
            "endpoint": "https://5C35175CFD8A064210D2CCA8D2A9F061.gr7.us-west-2.eks.amazonaws.com",
            "force_update_version": null,
            "id": "automode-cluster",
            "identity": [
              {
                "oidc": [
                  {
                    "issuer": "https://oidc.eks.us-west-2.amazonaws.com/id/5C35175CFD8A064210D2CCA8D2A9F061"
                  }
                ]
              }
            ],
            "kubernetes_network_config": [
              {
                "elastic_load_balancing": [
                  {
                    "enabled": true
                  }
                ],
                "ip_family": "ipv4",
                "service_ipv4_cidr": "172.20.0.0/16",
                "service_ipv6_cidr": ""
              }
            ],
            "name": "automode-cluster",
            "outpost_config": [],
            "platform_version": "eks.10",
            "remote_network_config": [],
            "role_arn": "arn:aws:iam::844333597536:role/automode-cluster-cluster-20250526011258137000000003",
            "status": "ACTIVE",
            "storage_config": [
              {
                "block_storage": [
                  {
                    "enabled": true
                  }
                ]
              }
            ],
            "tags": {
              "Blueprint": "automode-cluster",
              "terraform-aws-modules": "eks"
            },
            "tags_all": {
              "Blueprint": "automode-cluster",
              "terraform-aws-modules": "eks"
            },
            "timeouts": {
              "create": null,
              "delete": null,
              "update": null
            },
            "upgrade_policy": [
              {
                "support_type": "EXTENDED"
              }
            ],
            "version": "1.32",
            "vpc_config": [
              {
                "cluster_security_group_id": "sg-0009f8b52f59e7cc2",
                "endpoint_private_access": true,
                "endpoint_public_access": true,
                "public_access_cidrs": [
                  "0.0.0.0/0"
                ],
                "security_group_ids": [
                  "sg-0be7770b98ba3572f"
                ],
                "subnet_ids": [
                  "subnet-01db7a8f6e628d179",
                  "subnet-0ecf50090bf3a250d",
                  "subnet-0f09f7ba30b6d5ea6"
                ],
                "vpc_id": "vpc-06640a57cdad7c6ee"
              }
            ],
            "zonal_shift_config": []
          },
          "sensitive_attributes": [],
          "private": "eyJlMmJmYjczMC1lY2FhLTExZTYtOGY4OC0zNDM2M2JjN2M0YzAiOnsiY3JlYXRlIjoxODAwMDAwMDAwMDAwLCJkZWxldGUiOjkwMDAwMDAwMDAwMCwidXBkYXRlIjozNjAwMDAwMDAwMDAwfSwic2NoZW1hX3ZlcnNpb24iOiIxIn0=",
          "dependencies": [
            "module.eks.aws_cloudwatch_log_group.this",
            "module.eks.aws_iam_policy.cni_ipv6_policy",
            "module.eks.aws_iam_role.eks_auto",
            "module.eks.aws_iam_role.this",
            "module.eks.aws_iam_role_policy_attachment.this",
            "module.eks.aws_security_group.cluster",
            "module.eks.aws_security_group.node",
            "module.eks.aws_security_group_rule.cluster",
            "module.eks.aws_security_group_rule.node",
            "module.eks.data.aws_caller_identity.current",
            "module.eks.data.aws_iam_policy_document.assume_role_policy",
            "module.eks.data.aws_iam_policy_document.cni_ipv6_policy",
            "module.eks.data.aws_iam_policy_document.node_assume_role_policy",
            "module.eks.data.aws_iam_session_context.current",
            "module.eks.data.aws_partition.current",
            "module.eks.module.kms.aws_kms_external_key.this",
            "module.eks.module.kms.aws_kms_key.this",
            "module.eks.module.kms.aws_kms_replica_external_key.this",
            "module.eks.module.kms.aws_kms_replica_key.this",
            "module.eks.module.kms.data.aws_caller_identity.current",
            "module.eks.module.kms.data.aws_iam_policy_document.this",
            "module.eks.module.kms.data.aws_partition.current"
          ],
          "create_before_destroy": true
        }
      ]
    },
    {
      "module": "module.eks",
      "mode": "managed",
      "type": "aws_iam_openid_connect_provider",
      "name": "oidc_provider",
      "provider": "provider[\"registry.terraform.io/hashicorp/aws\"]",
      "instances": [
        {
          "index_key": 0,
          "schema_version": 0,
          "attributes": {
            "arn": "arn:aws:iam::844333597536:oidc-provider/oidc.eks.us-west-2.amazonaws.com/id/5C35175CFD8A064210D2CCA8D2A9F061",
            "client_id_list": [
              "sts.amazonaws.com"
            ],
            "id": "arn:aws:iam::844333597536:oidc-provider/oidc.eks.us-west-2.amazonaws.com/id/5C35175CFD8A064210D2CCA8D2A9F061",
            "tags": {
              "Blueprint": "automode-cluster",
              "Name": "automode-cluster-eks-irsa"
            },
            "tags_all": {
              "Blueprint": "automode-cluster",
              "Name": "automode-cluster-eks-irsa"
            },
            "thumbprint_list": [
              "9e99a48a9960b14926bb7f3b02e22da2b0ab7280"
            ],
            "url": "oidc.eks.us-west-2.amazonaws.com/id/5C35175CFD8A064210D2CCA8D2A9F061"
          },
          "sensitive_attributes": [],
          "private": "bnVsbA==",
          "dependencies": [
            "module.eks.aws_eks_cluster.this",
            "module.eks.data.tls_certificate.this"
          ]
        }
      ]
    },
    {
      "module": "module.eks",
      "mode": "managed",
      "type": "aws_iam_policy",
      "name": "cluster_encryption",
      "provider": "provider[\"registry.terraform.io/hashicorp/aws\"]",
      "instances": [
        {
          "index_key": 0,
          "schema_version": 0,
          "attributes": {
            "arn": "arn:aws:iam::844333597536:policy/automode-cluster-cluster-ClusterEncryption2025052601132013000000000e",
            "attachment_count": 1,
            "description": "Cluster encryption policy to allow cluster role to utilize CMK provided",
            "id": "arn:aws:iam::844333597536:policy/automode-cluster-cluster-ClusterEncryption2025052601132013000000000e",
            "name": "automode-cluster-cluster-ClusterEncryption2025052601132013000000000e",
            "name_prefix": "automode-cluster-cluster-ClusterEncryption",
            "path": "/",
            "policy": "{\"Statement\":[{\"Action\":[\"kms:Encrypt\",\"kms:Decrypt\",\"kms:ListGrants\",\"kms:DescribeKey\"],\"Effect\":\"Allow\",\"Resource\":\"arn:aws:kms:us-west-2:844333597536:key/83cea6e7-e2f8-4f8c-978b-fcbc7a67faf2\"}],\"Version\":\"2012-10-17\"}",
            "policy_id": "ANPA4JFRUINQAAEQNEIPY",
            "tags": {
              "Blueprint": "automode-cluster"
            },
            "tags_all": {
              "Blueprint": "automode-cluster"
            }
          },
          "sensitive_attributes": [],
          "private": "bnVsbA==",
          "dependencies": [
            "module.eks.aws_iam_role.this",
            "module.eks.data.aws_caller_identity.current",
            "module.eks.data.aws_iam_policy_document.assume_role_policy",
            "module.eks.data.aws_iam_session_context.current",
            "module.eks.module.kms.aws_kms_external_key.this",
            "module.eks.module.kms.aws_kms_key.this",
            "module.eks.module.kms.aws_kms_replica_external_key.this",
            "module.eks.module.kms.aws_kms_replica_key.this",
            "module.eks.module.kms.data.aws_caller_identity.current",
            "module.eks.module.kms.data.aws_iam_policy_document.this",
            "module.eks.module.kms.data.aws_partition.current"
          ]
        }
      ]
    },
    {
      "module": "module.eks",
      "mode": "managed",
      "type": "aws_iam_policy",
      "name": "custom",
      "provider": "provider[\"registry.terraform.io/hashicorp/aws\"]",
      "instances": [
        {
          "index_key": 0,
          "schema_version": 0,
          "attributes": {
            "arn": "arn:aws:iam::844333597536:policy/automode-cluster-cluster-20250526011258137300000005",
            "attachment_count": 1,
            "description": "",
            "id": "arn:aws:iam::844333597536:policy/automode-cluster-cluster-20250526011258137300000005",
            "name": "automode-cluster-cluster-20250526011258137300000005",
            "name_prefix": "automode-cluster-cluster-",
            "path": "/",
            "policy": "{\"Statement\":[{\"Action\":[\"ec2:RunInstances\",\"ec2:CreateLaunchTemplate\",\"ec2:CreateFleet\"],\"Condition\":{\"StringEquals\":{\"aws:RequestTag/eks:eks-cluster-name\":\"${aws:PrincipalTag/eks:eks-cluster-name}\"},\"StringLike\":{\"aws:RequestTag/eks:kubernetes-node-class-name\":\"*\",\"aws:RequestTag/eks:kubernetes-node-pool-name\":\"*\"}},\"Effect\":\"Allow\",\"Resource\":\"*\",\"Sid\":\"Compute\"},{\"Action\":[\"ec2:CreateVolume\",\"ec2:CreateSnapshot\"],\"Condition\":{\"StringEquals\":{\"aws:RequestTag/eks:eks-cluster-name\":\"${aws:PrincipalTag/eks:eks-cluster-name}\"}},\"Effect\":\"Allow\",\"Resource\":[\"arn:aws:ec2:*:*:volume/*\",\"arn:aws:ec2:*:*:snapshot/*\"],\"Sid\":\"Storage\"},{\"Action\":\"ec2:CreateNetworkInterface\",\"Condition\":{\"StringEquals\":{\"aws:RequestTag/eks:eks-cluster-name\":\"${aws:PrincipalTag/eks:eks-cluster-name}\",\"aws:RequestTag/eks:kubernetes-cni-node-name\":\"*\"}},\"Effect\":\"Allow\",\"Resource\":\"*\",\"Sid\":\"Networking\"},{\"Action\":[\"elasticloadbalancing:CreateTargetGroup\",\"elasticloadbalancing:CreateRule\",\"elasticloadbalancing:CreateLoadBalancer\",\"elasticloadbalancing:CreateListener\",\"ec2:CreateSecurityGroup\"],\"Condition\":{\"StringEquals\":{\"aws:RequestTag/eks:eks-cluster-name\":\"${aws:PrincipalTag/eks:eks-cluster-name}\"}},\"Effect\":\"Allow\",\"Resource\":\"*\",\"Sid\":\"LoadBalancer\"},{\"Action\":\"shield:CreateProtection\",\"Condition\":{\"StringEquals\":{\"aws:RequestTag/eks:eks-cluster-name\":\"${aws:PrincipalTag/eks:eks-cluster-name}\"}},\"Effect\":\"Allow\",\"Resource\":\"*\",\"Sid\":\"ShieldProtection\"},{\"Action\":\"shield:TagResource\",\"Condition\":{\"StringEquals\":{\"aws:RequestTag/eks:eks-cluster-name\":\"${aws:PrincipalTag/eks:eks-cluster-name}\"}},\"Effect\":\"Allow\",\"Resource\":\"arn:aws:shield::*:protection/*\",\"Sid\":\"ShieldTagResource\"}],\"Version\":\"2012-10-17\"}",
            "policy_id": "ANPA4JFRUINQBDIUSW6Q6",
            "tags": {
              "Blueprint": "automode-cluster"
            },
            "tags_all": {
              "Blueprint": "automode-cluster"
            }
          },
          "sensitive_attributes": [],
          "private": "bnVsbA==",
          "dependencies": [
            "module.eks.data.aws_iam_policy_document.custom",
            "module.eks.data.aws_partition.current"
          ]
        }
      ]
    },
    {
      "module": "module.eks",
      "mode": "managed",
      "type": "aws_iam_role",
      "name": "eks_auto",
      "provider": "provider[\"registry.terraform.io/hashicorp/aws\"]",
      "instances": [
        {
          "index_key": 0,
          "schema_version": 0,
          "attributes": {
            "arn": "arn:aws:iam::844333597536:role/automode-cluster-eks-auto-20250526011258137100000004",
            "assume_role_policy": "{\"Statement\":[{\"Action\":[\"sts:TagSession\",\"sts:AssumeRole\"],\"Effect\":\"Allow\",\"Principal\":{\"Service\":\"ec2.amazonaws.com\"},\"Sid\":\"EKSAutoNodeAssumeRole\"}],\"Version\":\"2012-10-17\"}",
            "create_date": "2025-05-26T01:12:58Z",
            "description": "",
            "force_detach_policies": true,
            "id": "automode-cluster-eks-auto-20250526011258137100000004",
            "inline_policy": [],
            "managed_policy_arns": [
              "arn:aws:iam::aws:policy/AmazonEC2ContainerRegistryPullOnly",
              "arn:aws:iam::aws:policy/AmazonEKSWorkerNodeMinimalPolicy"
            ],
            "max_session_duration": 3600,
            "name": "automode-cluster-eks-auto-20250526011258137100000004",
            "name_prefix": "automode-cluster-eks-auto-",
            "path": "/",
            "permissions_boundary": "",
            "tags": {
              "Blueprint": "automode-cluster"
            },
            "tags_all": {
              "Blueprint": "automode-cluster"
            },
            "unique_id": "AROA4JFRUINQOK745JXZC"
          },
          "sensitive_attributes": [],
          "private": "bnVsbA==",
          "dependencies": [
            "module.eks.data.aws_iam_policy_document.node_assume_role_policy"
          ],
          "create_before_destroy": true
        }
      ]
    },
    {
      "module": "module.eks",
      "mode": "managed",
      "type": "aws_iam_role",
      "name": "this",
      "provider": "provider[\"registry.terraform.io/hashicorp/aws\"]",
      "instances": [
        {
          "index_key": 0,
          "schema_version": 0,
          "attributes": {
            "arn": "arn:aws:iam::844333597536:role/automode-cluster-cluster-20250526011258137000000003",
            "assume_role_policy": "{\"Statement\":[{\"Action\":[\"sts:TagSession\",\"sts:AssumeRole\"],\"Effect\":\"Allow\",\"Principal\":{\"Service\":\"eks.amazonaws.com\"},\"Sid\":\"EKSClusterAssumeRole\"}],\"Version\":\"2012-10-17\"}",
            "create_date": "2025-05-26T01:12:58Z",
            "description": "",
            "force_detach_policies": true,
            "id": "automode-cluster-cluster-20250526011258137000000003",
            "inline_policy": [],
            "managed_policy_arns": [
              "arn:aws:iam::844333597536:policy/automode-cluster-cluster-20250526011258137300000005",
              "arn:aws:iam::844333597536:policy/automode-cluster-cluster-ClusterEncryption2025052601132013000000000e",
              "arn:aws:iam::aws:policy/AmazonEKSBlockStoragePolicy",
              "arn:aws:iam::aws:policy/AmazonEKSClusterPolicy",
              "arn:aws:iam::aws:policy/AmazonEKSComputePolicy",
              "arn:aws:iam::aws:policy/AmazonEKSLoadBalancingPolicy",
              "arn:aws:iam::aws:policy/AmazonEKSNetworkingPolicy"
            ],
            "max_session_duration": 3600,
            "name": "automode-cluster-cluster-20250526011258137000000003",
            "name_prefix": "automode-cluster-cluster-",
            "path": "/",
            "permissions_boundary": "",
            "tags": {
              "Blueprint": "automode-cluster"
            },
            "tags_all": {
              "Blueprint": "automode-cluster"
            },
            "unique_id": "AROA4JFRUINQEFXE7MI5K"
          },
          "sensitive_attributes": [],
          "private": "bnVsbA==",
          "dependencies": [
            "module.eks.data.aws_iam_policy_document.assume_role_policy"
          ],
          "create_before_destroy": true
        }
      ]
    },
    {
      "module": "module.eks",
      "mode": "managed",
      "type": "aws_iam_role_policy_attachment",
      "name": "cluster_encryption",
      "provider": "provider[\"registry.terraform.io/hashicorp/aws\"]",
      "instances": [
        {
          "index_key": 0,
          "schema_version": 0,
          "attributes": {
            "id": "automode-cluster-cluster-20250526011258137000000003-2025052601132073330000000f",
            "policy_arn": "arn:aws:iam::844333597536:policy/automode-cluster-cluster-ClusterEncryption2025052601132013000000000e",
            "role": "automode-cluster-cluster-20250526011258137000000003"
          },
          "sensitive_attributes": [],
          "private": "bnVsbA==",
          "dependencies": [
            "module.eks.aws_iam_policy.cluster_encryption",
            "module.eks.aws_iam_role.this",
            "module.eks.data.aws_caller_identity.current",
            "module.eks.data.aws_iam_policy_document.assume_role_policy",
            "module.eks.data.aws_iam_session_context.current",
            "module.eks.module.kms.aws_kms_external_key.this",
            "module.eks.module.kms.aws_kms_key.this",
            "module.eks.module.kms.aws_kms_replica_external_key.this",
            "module.eks.module.kms.aws_kms_replica_key.this",
            "module.eks.module.kms.data.aws_caller_identity.current",
            "module.eks.module.kms.data.aws_iam_policy_document.this",
            "module.eks.module.kms.data.aws_partition.current"
          ]
        }
      ]
    },
    {
      "module": "module.eks",
      "mode": "managed",
      "type": "aws_iam_role_policy_attachment",
      "name": "custom",
      "provider": "provider[\"registry.terraform.io/hashicorp/aws\"]",
      "instances": [
        {
          "index_key": 0,
          "schema_version": 0,
          "attributes": {
            "id": "automode-cluster-cluster-20250526011258137000000003-2025052601125939790000000c",
            "policy_arn": "arn:aws:iam::844333597536:policy/automode-cluster-cluster-20250526011258137300000005",
            "role": "automode-cluster-cluster-20250526011258137000000003"
          },
          "sensitive_attributes": [],
          "private": "bnVsbA==",
          "dependencies": [
            "module.eks.aws_iam_policy.custom",
            "module.eks.aws_iam_role.this",
            "module.eks.data.aws_iam_policy_document.assume_role_policy",
            "module.eks.data.aws_iam_policy_document.custom",
            "module.eks.data.aws_partition.current"
          ]
        }
      ]
    },
    {
      "module": "module.eks",
      "mode": "managed",
      "type": "aws_iam_role_policy_attachment",
      "name": "eks_auto",
      "provider": "provider[\"registry.terraform.io/hashicorp/aws\"]",
      "instances": [
        {
          "index_key": "AmazonEC2ContainerRegistryPullOnly",
          "schema_version": 0,
          "attributes": {
            "id": "automode-cluster-eks-auto-20250526011258137100000004-20250526011259109500000007",
            "policy_arn": "arn:aws:iam::aws:policy/AmazonEC2ContainerRegistryPullOnly",
            "role": "automode-cluster-eks-auto-20250526011258137100000004"
          },
          "sensitive_attributes": [],
          "private": "bnVsbA==",
          "dependencies": [
            "module.eks.aws_iam_role.eks_auto",
            "module.eks.data.aws_iam_policy_document.node_assume_role_policy",
            "module.eks.data.aws_partition.current"
          ]
        },
        {
          "index_key": "AmazonEKSWorkerNodeMinimalPolicy",
          "schema_version": 0,
          "attributes": {
            "id": "automode-cluster-eks-auto-20250526011258137100000004-20250526011259107600000006",
            "policy_arn": "arn:aws:iam::aws:policy/AmazonEKSWorkerNodeMinimalPolicy",
            "role": "automode-cluster-eks-auto-20250526011258137100000004"
          },
          "sensitive_attributes": [],
          "private": "bnVsbA==",
          "dependencies": [
            "module.eks.aws_iam_role.eks_auto",
            "module.eks.data.aws_iam_policy_document.node_assume_role_policy",
            "module.eks.data.aws_partition.current"
          ]
        }
      ]
    },
    {
      "module": "module.eks",
      "mode": "managed",
      "type": "aws_iam_role_policy_attachment",
      "name": "this",
      "provider": "provider[\"registry.terraform.io/hashicorp/aws\"]",
      "instances": [
        {
          "index_key": "AmazonEKSBlockStoragePolicy",
          "schema_version": 0,
          "attributes": {
            "id": "automode-cluster-cluster-20250526011258137000000003-2025052601125940360000000d",
            "policy_arn": "arn:aws:iam::aws:policy/AmazonEKSBlockStoragePolicy",
            "role": "automode-cluster-cluster-20250526011258137000000003"
          },
          "sensitive_attributes": [],
          "private": "bnVsbA==",
          "dependencies": [
            "module.eks.aws_iam_role.this",
            "module.eks.data.aws_iam_policy_document.assume_role_policy",
            "module.eks.data.aws_partition.current"
          ],
          "create_before_destroy": true
        },
        {
          "index_key": "AmazonEKSClusterPolicy",
          "schema_version": 0,
          "attributes": {
            "id": "automode-cluster-cluster-20250526011258137000000003-2025052601125938390000000b",
            "policy_arn": "arn:aws:iam::aws:policy/AmazonEKSClusterPolicy",
            "role": "automode-cluster-cluster-20250526011258137000000003"
          },
          "sensitive_attributes": [],
          "private": "bnVsbA==",
          "dependencies": [
            "module.eks.aws_iam_role.this",
            "module.eks.data.aws_iam_policy_document.assume_role_policy",
            "module.eks.data.aws_partition.current"
          ],
          "create_before_destroy": true
        },
        {
          "index_key": "AmazonEKSComputePolicy",
          "schema_version": 0,
          "attributes": {
            "id": "automode-cluster-cluster-20250526011258137000000003-20250526011259362900000008",
            "policy_arn": "arn:aws:iam::aws:policy/AmazonEKSComputePolicy",
            "role": "automode-cluster-cluster-20250526011258137000000003"
          },
          "sensitive_attributes": [],
          "private": "bnVsbA==",
          "dependencies": [
            "module.eks.aws_iam_role.this",
            "module.eks.data.aws_iam_policy_document.assume_role_policy",
            "module.eks.data.aws_partition.current"
          ],
          "create_before_destroy": true
        },
        {
          "index_key": "AmazonEKSLoadBalancingPolicy",
          "schema_version": 0,
          "attributes": {
            "id": "automode-cluster-cluster-20250526011258137000000003-2025052601125937340000000a",
            "policy_arn": "arn:aws:iam::aws:policy/AmazonEKSLoadBalancingPolicy",
            "role": "automode-cluster-cluster-20250526011258137000000003"
          },
          "sensitive_attributes": [],
          "private": "bnVsbA==",
          "dependencies": [
            "module.eks.aws_iam_role.this",
            "module.eks.data.aws_iam_policy_document.assume_role_policy",
            "module.eks.data.aws_partition.current"
          ],
          "create_before_destroy": true
        },
        {
          "index_key": "AmazonEKSNetworkingPolicy",
          "schema_version": 0,
          "attributes": {
            "id": "automode-cluster-cluster-20250526011258137000000003-20250526011259369900000009",
            "policy_arn": "arn:aws:iam::aws:policy/AmazonEKSNetworkingPolicy",
            "role": "automode-cluster-cluster-20250526011258137000000003"
          },
          "sensitive_attributes": [],
          "private": "bnVsbA==",
          "dependencies": [
            "module.eks.aws_iam_role.this",
            "module.eks.data.aws_iam_policy_document.assume_role_policy",
            "module.eks.data.aws_partition.current"
          ],
          "create_before_destroy": true
        }
      ]
    },
    {
      "module": "module.eks",
      "mode": "managed",
      "type": "aws_security_group",
      "name": "cluster",
      "provider": "provider[\"registry.terraform.io/hashicorp/aws\"]",
      "instances": [
        {
          "index_key": 0,
          "schema_version": 1,
          "attributes": {
            "arn": "arn:aws:ec2:us-west-2:844333597536:security-group/sg-0be7770b98ba3572f",
            "description": "EKS cluster security group",
            "egress": [],
            "id": "sg-0be7770b98ba3572f",
            "ingress": [
              {
                "cidr_blocks": [],
                "description": "Node groups to cluster API",
                "from_port": 443,
                "ipv6_cidr_blocks": [],
                "prefix_list_ids": [],
                "protocol": "tcp",
                "security_groups": [
                  "sg-0bdb4ece241be8b41"
                ],
                "self": false,
                "to_port": 443
              }
            ],
            "name": "automode-cluster-cluster-20250526011258136400000002",
            "name_prefix": "automode-cluster-cluster-",
            "owner_id": "844333597536",
            "revoke_rules_on_delete": false,
            "tags": {
              "Blueprint": "automode-cluster",
              "Name": "automode-cluster-cluster"
            },
            "tags_all": {
              "Blueprint": "automode-cluster",
              "Name": "automode-cluster-cluster"
            },
            "timeouts": null,
            "vpc_id": "vpc-06640a57cdad7c6ee"
          },
          "sensitive_attributes": [],
          "private": "eyJlMmJmYjczMC1lY2FhLTExZTYtOGY4OC0zNDM2M2JjN2M0YzAiOnsiY3JlYXRlIjo2MDAwMDAwMDAwMDAsImRlbGV0ZSI6OTAwMDAwMDAwMDAwfSwic2NoZW1hX3ZlcnNpb24iOiIxIn0=",
          "create_before_destroy": true
        }
      ]
    },
    {
      "module": "module.eks",
      "mode": "managed",
      "type": "aws_security_group",
      "name": "node",
      "provider": "provider[\"registry.terraform.io/hashicorp/aws\"]",
      "instances": [
        {
          "index_key": 0,
          "schema_version": 1,
          "attributes": {
            "arn": "arn:aws:ec2:us-west-2:844333597536:security-group/sg-0bdb4ece241be8b41",
            "description": "EKS node shared security group",
            "egress": [
              {
                "cidr_blocks": [
                  "0.0.0.0/0"
                ],
                "description": "Allow all egress",
                "from_port": 0,
                "ipv6_cidr_blocks": [],
                "prefix_list_ids": [],
                "protocol": "-1",
                "security_groups": [],
                "self": false,
                "to_port": 0
              }
            ],
            "id": "sg-0bdb4ece241be8b41",
            "ingress": [
              {
                "cidr_blocks": [],
                "description": "Cluster API to node 4443/tcp webhook",
                "from_port": 4443,
                "ipv6_cidr_blocks": [],
                "prefix_list_ids": [],
                "protocol": "tcp",
                "security_groups": [
                  "sg-0be7770b98ba3572f"
                ],
                "self": false,
                "to_port": 4443
              },
              {
                "cidr_blocks": [],
                "description": "Cluster API to node 6443/tcp webhook",
                "from_port": 6443,
                "ipv6_cidr_blocks": [],
                "prefix_list_ids": [],
                "protocol": "tcp",
                "security_groups": [
                  "sg-0be7770b98ba3572f"
                ],
                "self": false,
                "to_port": 6443
              },
              {
                "cidr_blocks": [],
                "description": "Cluster API to node 8443/tcp webhook",
                "from_port": 8443,
                "ipv6_cidr_blocks": [],
                "prefix_list_ids": [],
                "protocol": "tcp",
                "security_groups": [
                  "sg-0be7770b98ba3572f"
                ],
                "self": false,
                "to_port": 8443
              },
              {
                "cidr_blocks": [],
                "description": "Cluster API to node 9443/tcp webhook",
                "from_port": 9443,
                "ipv6_cidr_blocks": [],
                "prefix_list_ids": [],
                "protocol": "tcp",
                "security_groups": [
                  "sg-0be7770b98ba3572f"
                ],
                "self": false,
                "to_port": 9443
              },
              {
                "cidr_blocks": [],
                "description": "Cluster API to node groups",
                "from_port": 443,
                "ipv6_cidr_blocks": [],
                "prefix_list_ids": [],
                "protocol": "tcp",
                "security_groups": [
                  "sg-0be7770b98ba3572f"
                ],
                "self": false,
                "to_port": 443
              },
              {
                "cidr_blocks": [],
                "description": "Cluster API to node kubelets",
                "from_port": 10250,
                "ipv6_cidr_blocks": [],
                "prefix_list_ids": [],
                "protocol": "tcp",
                "security_groups": [
                  "sg-0be7770b98ba3572f"
                ],
                "self": false,
                "to_port": 10250
              },
              {
                "cidr_blocks": [],
                "description": "Node to node CoreDNS UDP",
                "from_port": 53,
                "ipv6_cidr_blocks": [],
                "prefix_list_ids": [],
                "protocol": "udp",
                "security_groups": [],
                "self": true,
                "to_port": 53
              },
              {
                "cidr_blocks": [],
                "description": "Node to node CoreDNS",
                "from_port": 53,
                "ipv6_cidr_blocks": [],
                "prefix_list_ids": [],
                "protocol": "tcp",
                "security_groups": [],
                "self": true,
                "to_port": 53
              },
              {
                "cidr_blocks": [],
                "description": "Node to node ingress on ephemeral ports",
                "from_port": 1025,
                "ipv6_cidr_blocks": [],
                "prefix_list_ids": [],
                "protocol": "tcp",
                "security_groups": [],
                "self": true,
                "to_port": 65535
              }
            ],
            "name": "automode-cluster-node-20250526011258136300000001",
            "name_prefix": "automode-cluster-node-",
            "owner_id": "844333597536",
            "revoke_rules_on_delete": false,
            "tags": {
              "Blueprint": "automode-cluster",
              "Name": "automode-cluster-node",
              "kubernetes.io/cluster/automode-cluster": "owned"
            },
            "tags_all": {
              "Blueprint": "automode-cluster",
              "Name": "automode-cluster-node",
              "kubernetes.io/cluster/automode-cluster": "owned"
            },
            "timeouts": null,
            "vpc_id": "vpc-06640a57cdad7c6ee"
          },
          "sensitive_attributes": [],
          "private": "eyJlMmJmYjczMC1lY2FhLTExZTYtOGY4OC0zNDM2M2JjN2M0YzAiOnsiY3JlYXRlIjo2MDAwMDAwMDAwMDAsImRlbGV0ZSI6OTAwMDAwMDAwMDAwfSwic2NoZW1hX3ZlcnNpb24iOiIxIn0=",
          "create_before_destroy": true
        }
      ]
    },
    {
      "module": "module.eks",
      "mode": "managed",
      "type": "aws_security_group_rule",
      "name": "cluster",
      "provider": "provider[\"registry.terraform.io/hashicorp/aws\"]",
      "instances": [
        {
          "index_key": "ingress_nodes_443",
          "schema_version": 2,
          "attributes": {
            "cidr_blocks": null,
            "description": "Node groups to cluster API",
            "from_port": 443,
            "id": "sgrule-4159782220",
            "ipv6_cidr_blocks": null,
            "prefix_list_ids": null,
            "protocol": "tcp",
            "security_group_id": "sg-0be7770b98ba3572f",
            "security_group_rule_id": "sgr-0b1c571dbfd1e7bb9",
            "self": false,
            "source_security_group_id": "sg-0bdb4ece241be8b41",
            "timeouts": null,
            "to_port": 443,
            "type": "ingress"
          },
          "sensitive_attributes": [],
          "private": "eyJlMmJmYjczMC1lY2FhLTExZTYtOGY4OC0zNDM2M2JjN2M0YzAiOnsiY3JlYXRlIjozMDAwMDAwMDAwMDB9LCJzY2hlbWFfdmVyc2lvbiI6IjIifQ==",
          "dependencies": [
            "module.eks.aws_security_group.cluster",
            "module.eks.aws_security_group.node"
          ],
          "create_before_destroy": true
        }
      ]
    },
    {
      "module": "module.eks",
      "mode": "managed",
      "type": "aws_security_group_rule",
      "name": "node",
      "provider": "provider[\"registry.terraform.io/hashicorp/aws\"]",
      "instances": [
        {
          "index_key": "egress_all",
          "schema_version": 2,
          "attributes": {
            "cidr_blocks": [
              "0.0.0.0/0"
            ],
            "description": "Allow all egress",
            "from_port": 0,
            "id": "sgrule-2540542074",
            "ipv6_cidr_blocks": null,
            "prefix_list_ids": [],
            "protocol": "-1",
            "security_group_id": "sg-0bdb4ece241be8b41",
            "security_group_rule_id": "sgr-0710027f8596950fd",
            "self": false,
            "source_security_group_id": null,
            "timeouts": null,
            "to_port": 0,
            "type": "egress"
          },
          "sensitive_attributes": [],
          "private": "eyJlMmJmYjczMC1lY2FhLTExZTYtOGY4OC0zNDM2M2JjN2M0YzAiOnsiY3JlYXRlIjozMDAwMDAwMDAwMDB9LCJzY2hlbWFfdmVyc2lvbiI6IjIifQ==",
          "dependencies": [
            "module.eks.aws_security_group.cluster",
            "module.eks.aws_security_group.node"
          ],
          "create_before_destroy": true
        },
        {
          "index_key": "ingress_cluster_443",
          "schema_version": 2,
          "attributes": {
            "cidr_blocks": null,
            "description": "Cluster API to node groups",
            "from_port": 443,
            "id": "sgrule-1547567295",
            "ipv6_cidr_blocks": null,
            "prefix_list_ids": [],
            "protocol": "tcp",
            "security_group_id": "sg-0bdb4ece241be8b41",
            "security_group_rule_id": "sgr-0745ee53d82efe4bb",
            "self": false,
            "source_security_group_id": "sg-0be7770b98ba3572f",
            "timeouts": null,
            "to_port": 443,
            "type": "ingress"
          },
          "sensitive_attributes": [],
          "private": "eyJlMmJmYjczMC1lY2FhLTExZTYtOGY4OC0zNDM2M2JjN2M0YzAiOnsiY3JlYXRlIjozMDAwMDAwMDAwMDB9LCJzY2hlbWFfdmVyc2lvbiI6IjIifQ==",
          "dependencies": [
            "module.eks.aws_security_group.cluster",
            "module.eks.aws_security_group.node"
          ],
          "create_before_destroy": true
        },
        {
          "index_key": "ingress_cluster_4443_webhook",
          "schema_version": 2,
          "attributes": {
            "cidr_blocks": null,
            "description": "Cluster API to node 4443/tcp webhook",
            "from_port": 4443,
            "id": "sgrule-1794970057",
            "ipv6_cidr_blocks": null,
            "prefix_list_ids": [],
            "protocol": "tcp",
            "security_group_id": "sg-0bdb4ece241be8b41",
            "security_group_rule_id": "sgr-0ac992628bf56d35c",
            "self": false,
            "source_security_group_id": "sg-0be7770b98ba3572f",
            "timeouts": null,
            "to_port": 4443,
            "type": "ingress"
          },
          "sensitive_attributes": [],
          "private": "eyJlMmJmYjczMC1lY2FhLTExZTYtOGY4OC0zNDM2M2JjN2M0YzAiOnsiY3JlYXRlIjozMDAwMDAwMDAwMDB9LCJzY2hlbWFfdmVyc2lvbiI6IjIifQ==",
          "dependencies": [
            "module.eks.aws_security_group.cluster",
            "module.eks.aws_security_group.node"
          ],
          "create_before_destroy": true
        },
        {
          "index_key": "ingress_cluster_6443_webhook",
          "schema_version": 2,
          "attributes": {
            "cidr_blocks": null,
            "description": "Cluster API to node 6443/tcp webhook",
            "from_port": 6443,
            "id": "sgrule-2747233887",
            "ipv6_cidr_blocks": null,
            "prefix_list_ids": [],
            "protocol": "tcp",
            "security_group_id": "sg-0bdb4ece241be8b41",
            "security_group_rule_id": "sgr-0f4406823b98d1a10",
            "self": false,
            "source_security_group_id": "sg-0be7770b98ba3572f",
            "timeouts": null,
            "to_port": 6443,
            "type": "ingress"
          },
          "sensitive_attributes": [],
          "private": "eyJlMmJmYjczMC1lY2FhLTExZTYtOGY4OC0zNDM2M2JjN2M0YzAiOnsiY3JlYXRlIjozMDAwMDAwMDAwMDB9LCJzY2hlbWFfdmVyc2lvbiI6IjIifQ==",
          "dependencies": [
            "module.eks.aws_security_group.cluster",
            "module.eks.aws_security_group.node"
          ],
          "create_before_destroy": true
        },
        {
          "index_key": "ingress_cluster_8443_webhook",
          "schema_version": 2,
          "attributes": {
            "cidr_blocks": null,
            "description": "Cluster API to node 8443/tcp webhook",
            "from_port": 8443,
            "id": "sgrule-2967685758",
            "ipv6_cidr_blocks": null,
            "prefix_list_ids": [],
            "protocol": "tcp",
            "security_group_id": "sg-0bdb4ece241be8b41",
            "security_group_rule_id": "sgr-02383eb99d5702553",
            "self": false,
            "source_security_group_id": "sg-0be7770b98ba3572f",
            "timeouts": null,
            "to_port": 8443,
            "type": "ingress"
          },
          "sensitive_attributes": [],
          "private": "eyJlMmJmYjczMC1lY2FhLTExZTYtOGY4OC0zNDM2M2JjN2M0YzAiOnsiY3JlYXRlIjozMDAwMDAwMDAwMDB9LCJzY2hlbWFfdmVyc2lvbiI6IjIifQ==",
          "dependencies": [
            "module.eks.aws_security_group.cluster",
            "module.eks.aws_security_group.node"
          ],
          "create_before_destroy": true
        },
        {
          "index_key": "ingress_cluster_9443_webhook",
          "schema_version": 2,
          "attributes": {
            "cidr_blocks": null,
            "description": "Cluster API to node 9443/tcp webhook",
            "from_port": 9443,
            "id": "sgrule-3561126325",
            "ipv6_cidr_blocks": null,
            "prefix_list_ids": [],
            "protocol": "tcp",
            "security_group_id": "sg-0bdb4ece241be8b41",
            "security_group_rule_id": "sgr-0227e46776d7b9c63",
            "self": false,
            "source_security_group_id": "sg-0be7770b98ba3572f",
            "timeouts": null,
            "to_port": 9443,
            "type": "ingress"
          },
          "sensitive_attributes": [],
          "private": "eyJlMmJmYjczMC1lY2FhLTExZTYtOGY4OC0zNDM2M2JjN2M0YzAiOnsiY3JlYXRlIjozMDAwMDAwMDAwMDB9LCJzY2hlbWFfdmVyc2lvbiI6IjIifQ==",
          "dependencies": [
            "module.eks.aws_security_group.cluster",
            "module.eks.aws_security_group.node"
          ],
          "create_before_destroy": true
        },
        {
          "index_key": "ingress_cluster_kubelet",
          "schema_version": 2,
          "attributes": {
            "cidr_blocks": null,
            "description": "Cluster API to node kubelets",
            "from_port": 10250,
            "id": "sgrule-3259895302",
            "ipv6_cidr_blocks": null,
            "prefix_list_ids": [],
            "protocol": "tcp",
            "security_group_id": "sg-0bdb4ece241be8b41",
            "security_group_rule_id": "sgr-0e9862da121719fd1",
            "self": false,
            "source_security_group_id": "sg-0be7770b98ba3572f",
            "timeouts": null,
            "to_port": 10250,
            "type": "ingress"
          },
          "sensitive_attributes": [],
          "private": "eyJlMmJmYjczMC1lY2FhLTExZTYtOGY4OC0zNDM2M2JjN2M0YzAiOnsiY3JlYXRlIjozMDAwMDAwMDAwMDB9LCJzY2hlbWFfdmVyc2lvbiI6IjIifQ==",
          "dependencies": [
            "module.eks.aws_security_group.cluster",
            "module.eks.aws_security_group.node"
          ],
          "create_before_destroy": true
        },
        {
          "index_key": "ingress_nodes_ephemeral",
          "schema_version": 2,
          "attributes": {
            "cidr_blocks": null,
            "description": "Node to node ingress on ephemeral ports",
            "from_port": 1025,
            "id": "sgrule-2519262435",
            "ipv6_cidr_blocks": null,
            "prefix_list_ids": [],
            "protocol": "tcp",
            "security_group_id": "sg-0bdb4ece241be8b41",
            "security_group_rule_id": "sgr-01f535d2eed364b55",
            "self": true,
            "source_security_group_id": null,
            "timeouts": null,
            "to_port": 65535,
            "type": "ingress"
          },
          "sensitive_attributes": [],
          "private": "eyJlMmJmYjczMC1lY2FhLTExZTYtOGY4OC0zNDM2M2JjN2M0YzAiOnsiY3JlYXRlIjozMDAwMDAwMDAwMDB9LCJzY2hlbWFfdmVyc2lvbiI6IjIifQ==",
          "dependencies": [
            "module.eks.aws_security_group.cluster",
            "module.eks.aws_security_group.node"
          ],
          "create_before_destroy": true
        },
        {
          "index_key": "ingress_self_coredns_tcp",
          "schema_version": 2,
          "attributes": {
            "cidr_blocks": null,
            "description": "Node to node CoreDNS",
            "from_port": 53,
            "id": "sgrule-3126224344",
            "ipv6_cidr_blocks": null,
            "prefix_list_ids": [],
            "protocol": "tcp",
            "security_group_id": "sg-0bdb4ece241be8b41",
            "security_group_rule_id": "sgr-0cdf165ed00322f9b",
            "self": true,
            "source_security_group_id": null,
            "timeouts": null,
            "to_port": 53,
            "type": "ingress"
          },
          "sensitive_attributes": [],
          "private": "eyJlMmJmYjczMC1lY2FhLTExZTYtOGY4OC0zNDM2M2JjN2M0YzAiOnsiY3JlYXRlIjozMDAwMDAwMDAwMDB9LCJzY2hlbWFfdmVyc2lvbiI6IjIifQ==",
          "dependencies": [
            "module.eks.aws_security_group.cluster",
            "module.eks.aws_security_group.node"
          ],
          "create_before_destroy": true
        },
        {
          "index_key": "ingress_self_coredns_udp",
          "schema_version": 2,
          "attributes": {
            "cidr_blocks": null,
            "description": "Node to node CoreDNS UDP",
            "from_port": 53,
            "id": "sgrule-503957047",
            "ipv6_cidr_blocks": null,
            "prefix_list_ids": [],
            "protocol": "udp",
            "security_group_id": "sg-0bdb4ece241be8b41",
            "security_group_rule_id": "sgr-0b2cbd82f14ad1879",
            "self": true,
            "source_security_group_id": null,
            "timeouts": null,
            "to_port": 53,
            "type": "ingress"
          },
          "sensitive_attributes": [],
          "private": "eyJlMmJmYjczMC1lY2FhLTExZTYtOGY4OC0zNDM2M2JjN2M0YzAiOnsiY3JlYXRlIjozMDAwMDAwMDAwMDB9LCJzY2hlbWFfdmVyc2lvbiI6IjIifQ==",
          "dependencies": [
            "module.eks.aws_security_group.cluster",
            "module.eks.aws_security_group.node"
          ],
          "create_before_destroy": true
        }
      ]
    },
    {
      "module": "module.eks",
      "mode": "managed",
      "type": "time_sleep",
      "name": "this",
      "provider": "provider[\"registry.terraform.io/hashicorp/time\"]",
      "instances": [
        {
          "index_key": 0,
          "schema_version": 0,
          "attributes": {
            "create_duration": "30s",
            "destroy_duration": null,
            "id": "2025-05-26T01:25:07Z",
            "triggers": {
              "cluster_certificate_authority_data": "LS0tLS1CRUdJTiBDRVJUSUZJQ0FURS0tLS0tCk1JSURCVENDQWUyZ0F3SUJBZ0lJUWJoTHZhTCs3bjB3RFFZSktvWklodmNOQVFFTEJRQXdGVEVUTUJFR0ExVUUKQXhNS2EzVmlaWEp1WlhSbGN6QWVGdzB5TlRBMU1qWXdNVEV6TURSYUZ3MHpOVEExTWpRd01URTRNRFJhTUJVeApFekFSQmdOVkJBTVRDbXQxWW1WeWJtVjBaWE13Z2dFaU1BMEdDU3FHU0liM0RRRUJBUVVBQTRJQkR3QXdnZ0VLCkFvSUJBUUNyWHlmTlV1QXo5N2p6RUFuTVFRSzJPNUxHdnd0anFiSHJxRDlUTmpDM3FCR1FwMTNNSXFma1pwZk8Kb3VPekxieHdjWkRuYlBPNEdTd1l0amlEVTdLcmhvNjNxcVZGVlZRQmQycWJGLzgyK3RjeUdvYmpldkxnUk9aawpXcjkzdlozOUV0RFp5T1pickdKQkdCa015REl0T2F3K01nZFJ1Q3VJbEVzY3lrV3Bsb2l2cGZQQkp4Q2tod0V1CkFTN3Ywd1ZtdVZUOHgwbVdqQ0ttV2VrVmJGQ1NLNmRKT1JGZlhBL1d2RHFTb1ZBdWtVYWZJM2JKUGFzNnE4SU0KMkIwcFdMZytFeDdjR3d2cFc3SkoxWGFUdUhRRU1JWWwwUXoxbWZyOXNNM1pQcFRmK0dXTStxa0cvK2FacmRoSgpFL3YwTG8wMFR0Uzl6VUE0VS93dy9obXJlekIzQWdNQkFBR2pXVEJYTUE0R0ExVWREd0VCL3dRRUF3SUNwREFQCkJnTlZIUk1CQWY4RUJUQURBUUgvTUIwR0ExVWREZ1FXQkJTeHN5QmtseStXdDVrTkN2L0ZxZHlUM3NLNVRUQVYKQmdOVkhSRUVEakFNZ2dwcmRXSmxjbTVsZEdWek1BMEdDU3FHU0liM0RRRUJDd1VBQTRJQkFRQTNSMldrZUNwOApsK2dEeTRUaFlKYktneUNhb3FnamFxeWsxN0hBSGZkTEZHcWZTdi82NWxLQXMySUxOZlBxQkJPOXUwOGNCSmRsCmZHcnNnL3o2Qi9QdUR1Rmp2dWRxbFR1L1lJdGFNaUxmVitja0tPR2tzNGZvY0NESVpKZGhOMzRwRWg4UDdpNmkKN0RQNFdOZEh6dFRtRFdvTEtCZUs1QjBqZnpWNGQvbDljdHgxWUtKbDJHUytUa3k4T3lWeDlKSnlWbnZBQkRRawpIS3F3RHVzY3MvUzVIZjhGUExmekNRdEppYVdIZTRoMVlXRXY2aHN1N2UyT1BEOU1OaHRHdzlVd2MzTkZXM2kxCjd1VEdNM0RxSTlHRjdPdmhRNGU4VzJuMm0vT3hISWcvYVlJc3NuVGFOMWZZaFFhMk5raVppMXkrS0ZuTThMZmgKUXdoODREQm8rdmg0Ci0tLS0tRU5EIENFUlRJRklDQVRFLS0tLS0K",
              "cluster_endpoint": "https://5C35175CFD8A064210D2CCA8D2A9F061.gr7.us-west-2.eks.amazonaws.com",
              "cluster_name": "automode-cluster",
              "cluster_service_cidr": "172.20.0.0/16",
              "cluster_version": "1.32"
            }
          },
          "sensitive_attributes": [],
          "dependencies": [
            "module.eks.aws_cloudwatch_log_group.this",
            "module.eks.aws_eks_cluster.this",
            "module.eks.aws_iam_policy.cni_ipv6_policy",
            "module.eks.aws_iam_role.eks_auto",
            "module.eks.aws_iam_role.this",
            "module.eks.aws_iam_role_policy_attachment.this",
            "module.eks.aws_security_group.cluster",
            "module.eks.aws_security_group.node",
            "module.eks.aws_security_group_rule.cluster",
            "module.eks.aws_security_group_rule.node",
            "module.eks.data.aws_caller_identity.current",
            "module.eks.data.aws_iam_policy_document.assume_role_policy",
            "module.eks.data.aws_iam_policy_document.cni_ipv6_policy",
            "module.eks.data.aws_iam_policy_document.node_assume_role_policy",
            "module.eks.data.aws_iam_session_context.current",
            "module.eks.data.aws_partition.current",
            "module.eks.module.kms.aws_kms_external_key.this",
            "module.eks.module.kms.aws_kms_key.this",
            "module.eks.module.kms.aws_kms_replica_external_key.this",
            "module.eks.module.kms.aws_kms_replica_key.this",
            "module.eks.module.kms.data.aws_caller_identity.current",
            "module.eks.module.kms.data.aws_iam_policy_document.this",
            "module.eks.module.kms.data.aws_partition.current"
          ],
          "create_before_destroy": true
        }
      ]
    },
    {
      "module": "module.eks.module.kms",
      "mode": "data",
      "type": "aws_caller_identity",
      "name": "current",
      "provider": "provider[\"registry.terraform.io/hashicorp/aws\"]",
      "instances": [
        {
          "index_key": 0,
          "schema_version": 0,
          "attributes": {
            "account_id": "844333597536",
            "arn": "arn:aws:sts::844333597536:assumed-role/AWSReservedSSO_AWSAdministratorAccess_d270afaa03aa789f/jim@nirmata.com",
            "id": "844333597536",
            "user_id": "AROA4JFRUINQPJLRF3ZGH:jim@nirmata.com"
          },
          "sensitive_attributes": []
        }
      ]
    },
    {
      "module": "module.eks.module.kms",
      "mode": "data",
      "type": "aws_iam_policy_document",
      "name": "this",
      "provider": "provider[\"registry.terraform.io/hashicorp/aws\"]",
      "instances": [
        {
          "index_key": 0,
          "schema_version": 0,
          "attributes": {
            "id": "2968156972",
            "json": "{\n  \"Version\": \"2012-10-17\",\n  \"Statement\": [\n    {\n      \"Sid\": \"Default\",\n      \"Effect\": \"Allow\",\n      \"Action\": \"kms:*\",\n      \"Resource\": \"*\",\n      \"Principal\": {\n        \"AWS\": \"arn:aws:iam::844333597536:root\"\n      }\n    },\n    {\n      \"Sid\": \"KeyAdministration\",\n      \"Effect\": \"Allow\",\n      \"Action\": [\n        \"kms:Update*\",\n        \"kms:UntagResource\",\n        \"kms:TagResource\",\n        \"kms:ScheduleKeyDeletion\",\n        \"kms:Revoke*\",\n        \"kms:ReplicateKey\",\n        \"kms:Put*\",\n        \"kms:List*\",\n        \"kms:ImportKeyMaterial\",\n        \"kms:Get*\",\n        \"kms:Enable*\",\n        \"kms:Disable*\",\n        \"kms:Describe*\",\n        \"kms:Delete*\",\n        \"kms:Create*\",\n        \"kms:CancelKeyDeletion\"\n      ],\n      \"Resource\": \"*\",\n      \"Principal\": {\n        \"AWS\": \"arn:aws:iam::844333597536:role/aws-reserved/sso.amazonaws.com/us-east-2/AWSReservedSSO_AWSAdministratorAccess_d270afaa03aa789f\"\n      }\n    },\n    {\n      \"Sid\": \"KeyUsage\",\n      \"Effect\": \"Allow\",\n      \"Action\": [\n        \"kms:ReEncrypt*\",\n        \"kms:GenerateDataKey*\",\n        \"kms:Encrypt\",\n        \"kms:DescribeKey\",\n        \"kms:Decrypt\"\n      ],\n      \"Resource\": \"*\",\n      \"Principal\": {\n        \"AWS\": \"arn:aws:iam::844333597536:role/automode-cluster-cluster-20250526011258137000000003\"\n      }\n    }\n  ]\n}",
            "minified_json": "{\"Version\":\"2012-10-17\",\"Statement\":[{\"Sid\":\"Default\",\"Effect\":\"Allow\",\"Action\":\"kms:*\",\"Resource\":\"*\",\"Principal\":{\"AWS\":\"arn:aws:iam::844333597536:root\"}},{\"Sid\":\"KeyAdministration\",\"Effect\":\"Allow\",\"Action\":[\"kms:Update*\",\"kms:UntagResource\",\"kms:TagResource\",\"kms:ScheduleKeyDeletion\",\"kms:Revoke*\",\"kms:ReplicateKey\",\"kms:Put*\",\"kms:List*\",\"kms:ImportKeyMaterial\",\"kms:Get*\",\"kms:Enable*\",\"kms:Disable*\",\"kms:Describe*\",\"kms:Delete*\",\"kms:Create*\",\"kms:CancelKeyDeletion\"],\"Resource\":\"*\",\"Principal\":{\"AWS\":\"arn:aws:iam::844333597536:role/aws-reserved/sso.amazonaws.com/us-east-2/AWSReservedSSO_AWSAdministratorAccess_d270afaa03aa789f\"}},{\"Sid\":\"KeyUsage\",\"Effect\":\"Allow\",\"Action\":[\"kms:ReEncrypt*\",\"kms:GenerateDataKey*\",\"kms:Encrypt\",\"kms:DescribeKey\",\"kms:Decrypt\"],\"Resource\":\"*\",\"Principal\":{\"AWS\":\"arn:aws:iam::844333597536:role/automode-cluster-cluster-20250526011258137000000003\"}}]}",
            "override_json": null,
            "override_policy_documents": null,
            "policy_id": null,
            "source_json": null,
            "source_policy_documents": null,
            "statement": [
              {
                "actions": [
                  "kms:*"
                ],
                "condition": [],
                "effect": "Allow",
                "not_actions": [],
                "not_principals": [],
                "not_resources": [],
                "principals": [
                  {
                    "identifiers": [
                      "arn:aws:iam::844333597536:root"
                    ],
                    "type": "AWS"
                  }
                ],
                "resources": [
                  "*"
                ],
                "sid": "Default"
              },
              {
                "actions": [
                  "kms:CancelKeyDeletion",
                  "kms:Create*",
                  "kms:Delete*",
                  "kms:Describe*",
                  "kms:Disable*",
                  "kms:Enable*",
                  "kms:Get*",
                  "kms:ImportKeyMaterial",
                  "kms:List*",
                  "kms:Put*",
                  "kms:ReplicateKey",
                  "kms:Revoke*",
                  "kms:ScheduleKeyDeletion",
                  "kms:TagResource",
                  "kms:UntagResource",
                  "kms:Update*"
                ],
                "condition": [],
                "effect": "Allow",
                "not_actions": [],
                "not_principals": [],
                "not_resources": [],
                "principals": [
                  {
                    "identifiers": [
                      "arn:aws:iam::844333597536:role/aws-reserved/sso.amazonaws.com/us-east-2/AWSReservedSSO_AWSAdministratorAccess_d270afaa03aa789f"
                    ],
                    "type": "AWS"
                  }
                ],
                "resources": [
                  "*"
                ],
                "sid": "KeyAdministration"
              },
              {
                "actions": [
                  "kms:Decrypt",
                  "kms:DescribeKey",
                  "kms:Encrypt",
                  "kms:GenerateDataKey*",
                  "kms:ReEncrypt*"
                ],
                "condition": [],
                "effect": "Allow",
                "not_actions": [],
                "not_principals": [],
                "not_resources": [],
                "principals": [
                  {
                    "identifiers": [
                      "arn:aws:iam::844333597536:role/automode-cluster-cluster-20250526011258137000000003"
                    ],
                    "type": "AWS"
                  }
                ],
                "resources": [
                  "*"
                ],
                "sid": "KeyUsage"
              }
            ],
            "version": "2012-10-17"
          },
          "sensitive_attributes": []
        }
      ]
    },
    {
      "module": "module.eks.module.kms",
      "mode": "data",
      "type": "aws_partition",
      "name": "current",
      "provider": "provider[\"registry.terraform.io/hashicorp/aws\"]",
      "instances": [
        {
          "index_key": 0,
          "schema_version": 0,
          "attributes": {
            "dns_suffix": "amazonaws.com",
            "id": "aws",
            "partition": "aws",
            "reverse_dns_prefix": "com.amazonaws"
          },
          "sensitive_attributes": []
        }
      ]
    },
    {
      "module": "module.eks.module.kms",
      "mode": "managed",
      "type": "aws_kms_alias",
      "name": "this",
      "provider": "provider[\"registry.terraform.io/hashicorp/aws\"]",
      "instances": [
        {
          "index_key": "cluster",
          "schema_version": 0,
          "attributes": {
            "arn": "arn:aws:kms:us-west-2:844333597536:alias/eks/automode-cluster",
            "id": "alias/eks/automode-cluster",
            "name": "alias/eks/automode-cluster",
            "name_prefix": "",
            "target_key_arn": "arn:aws:kms:us-west-2:844333597536:key/83cea6e7-e2f8-4f8c-978b-fcbc7a67faf2",
            "target_key_id": "83cea6e7-e2f8-4f8c-978b-fcbc7a67faf2"
          },
          "sensitive_attributes": [],
          "private": "bnVsbA==",
          "dependencies": [
            "module.eks.aws_iam_role.this",
            "module.eks.data.aws_caller_identity.current",
            "module.eks.data.aws_iam_policy_document.assume_role_policy",
            "module.eks.data.aws_iam_session_context.current",
            "module.eks.module.kms.aws_kms_external_key.this",
            "module.eks.module.kms.aws_kms_key.this",
            "module.eks.module.kms.aws_kms_replica_external_key.this",
            "module.eks.module.kms.aws_kms_replica_key.this",
            "module.eks.module.kms.data.aws_caller_identity.current",
            "module.eks.module.kms.data.aws_iam_policy_document.this",
            "module.eks.module.kms.data.aws_partition.current"
          ]
        }
      ]
    },
    {
      "module": "module.eks.module.kms",
      "mode": "managed",
      "type": "aws_kms_key",
      "name": "this",
      "provider": "provider[\"registry.terraform.io/hashicorp/aws\"]",
      "instances": [
        {
          "index_key": 0,
          "schema_version": 0,
          "attributes": {
            "arn": "arn:aws:kms:us-west-2:844333597536:key/83cea6e7-e2f8-4f8c-978b-fcbc7a67faf2",
            "bypass_policy_lockout_safety_check": false,
            "custom_key_store_id": "",
            "customer_master_key_spec": "SYMMETRIC_DEFAULT",
            "deletion_window_in_days": null,
            "description": "automode-cluster cluster encryption key",
            "enable_key_rotation": true,
            "id": "83cea6e7-e2f8-4f8c-978b-fcbc7a67faf2",
            "is_enabled": true,
            "key_id": "83cea6e7-e2f8-4f8c-978b-fcbc7a67faf2",
            "key_usage": "ENCRYPT_DECRYPT",
            "multi_region": false,
            "policy": "{\"Statement\":[{\"Action\":\"kms:*\",\"Effect\":\"Allow\",\"Principal\":{\"AWS\":\"arn:aws:iam::844333597536:root\"},\"Resource\":\"*\",\"Sid\":\"Default\"},{\"Action\":[\"kms:Update*\",\"kms:UntagResource\",\"kms:TagResource\",\"kms:ScheduleKeyDeletion\",\"kms:Revoke*\",\"kms:ReplicateKey\",\"kms:Put*\",\"kms:List*\",\"kms:ImportKeyMaterial\",\"kms:Get*\",\"kms:Enable*\",\"kms:Disable*\",\"kms:Describe*\",\"kms:Delete*\",\"kms:Create*\",\"kms:CancelKeyDeletion\"],\"Effect\":\"Allow\",\"Principal\":{\"AWS\":\"arn:aws:iam::844333597536:role/aws-reserved/sso.amazonaws.com/us-east-2/AWSReservedSSO_AWSAdministratorAccess_d270afaa03aa789f\"},\"Resource\":\"*\",\"Sid\":\"KeyAdministration\"},{\"Action\":[\"kms:ReEncrypt*\",\"kms:GenerateDataKey*\",\"kms:Encrypt\",\"kms:DescribeKey\",\"kms:Decrypt\"],\"Effect\":\"Allow\",\"Principal\":{\"AWS\":\"arn:aws:iam::844333597536:role/automode-cluster-cluster-20250526011258137000000003\"},\"Resource\":\"*\",\"Sid\":\"KeyUsage\"}],\"Version\":\"2012-10-17\"}",
            "rotation_period_in_days": 365,
            "tags": {
              "Blueprint": "automode-cluster",
              "terraform-aws-modules": "eks"
            },
            "tags_all": {
              "Blueprint": "automode-cluster",
              "terraform-aws-modules": "eks"
            },
            "timeouts": null,
            "xks_key_id": ""
          },
          "sensitive_attributes": [],
          "private": "eyJlMmJmYjczMC1lY2FhLTExZTYtOGY4OC0zNDM2M2JjN2M0YzAiOnsiY3JlYXRlIjoxMjAwMDAwMDAwMDB9fQ==",
          "dependencies": [
            "module.eks.aws_iam_role.this",
            "module.eks.data.aws_caller_identity.current",
            "module.eks.data.aws_iam_policy_document.assume_role_policy",
            "module.eks.data.aws_iam_session_context.current",
            "module.eks.module.kms.data.aws_caller_identity.current",
            "module.eks.module.kms.data.aws_iam_policy_document.this",
            "module.eks.module.kms.data.aws_partition.current"
          ],
          "create_before_destroy": true
        }
      ]
    }
  ],
  "check_results": [
    {
      "object_kind": "resource",
      "config_addr": "module.eks.module.eks_managed_node_group.module.user_data.null_resource.validate_cluster_service_cidr",
      "status": "pass",
      "objects": null
    },
    {
      "object_kind": "resource",
      "config_addr": "module.eks.module.self_managed_node_group.module.user_data.null_resource.validate_cluster_service_cidr",
      "status": "pass",
      "objects": null
    }
  ]
}
